// !$*UTF8*$!
{
	archiveVersion = 1;
	classes = {
	};
	objectVersion = 77;
	objects = {

/* Begin PBXBuildFile section */
		032940D9005A123A268878B2 /* AudioCaptureManager.swift in Sources */ = {isa = PBXBuildFile; fileRef = BEE88F8F1DDCA1CC164FC34B /* AudioCaptureManager.swift */; };
		03DDEA1A2570D9C8D070EB6B /* SnippetManager.swift in Sources */ = {isa = PBXBuildFile; fileRef = A8CB78B6993791FE05AB3842 /* SnippetManager.swift */; };
		0532930BE92642C3168F6CD3 /* MLXEngine.swift in Sources */ = {isa = PBXBuildFile; fileRef = A34E2164FBAB0EB03FB27EAA /* MLXEngine.swift */; };
		058B0127DFB5B7CD4F174F59 /* HotkeyManager.swift in Sources */ = {isa = PBXBuildFile; fileRef = EE2A96BB651E7C76AB81E6CE /* HotkeyManager.swift */; };
		0814CEE64BD9521E7DD6AE2B /* ArgumentParser in Frameworks */ = {isa = PBXBuildFile; productRef = 41B4A9E1B69D7990735CECE6 /* ArgumentParser */; };
		0875D077867FCD92E4091F40 /* LLMEngine.swift in Sources */ = {isa = PBXBuildFile; fileRef = 351AA57A2113A29E8DEBE453 /* LLMEngine.swift */; };
		0924001E352CCD8F1239A598 /* TranscriptionPipeline.swift in Sources */ = {isa = PBXBuildFile; fileRef = 5820E3AB4E46240FD73C41DB /* TranscriptionPipeline.swift */; };
		09412F4A1E9632F363F1F8CE /* QualityScorer.swift in Sources */ = {isa = PBXBuildFile; fileRef = 927647CCC1693E75CCB2BF39 /* QualityScorer.swift */; };
		0AB7DE6991A358D360A2C51B /* SelectedTextKit in Frameworks */ = {isa = PBXBuildFile; productRef = 44B2CDED140CE07E24BCA19A /* SelectedTextKit */; };
		0CDF6B75B480CC8C6AE6F2B9 /* TranscriptionExecutorTests.swift in Sources */ = {isa = PBXBuildFile; fileRef = E82DB0D81D155AD88D5A15CC /* TranscriptionExecutorTests.swift */; };
		12F4B3067E7BF9A4694CFFEB /* CreatureState.swift in Sources */ = {isa = PBXBuildFile; fileRef = 3B1A0B1FB337F74CBDDD48ED /* CreatureState.swift */; };
		159B35B764FD536B0094C832 /* CommandMode.swift in Sources */ = {isa = PBXBuildFile; fileRef = 0B7480505B9D1DFE32F0B0B5 /* CommandMode.swift */; };
		15FBA67EA3FCA4B5C11C87F9 /* OutputFormatterTests.swift in Sources */ = {isa = PBXBuildFile; fileRef = 0BDB63741BD52EB130CDB55F /* OutputFormatterTests.swift */; };
		172A381E31618646FE6FB018 /* WhisperKit in Frameworks */ = {isa = PBXBuildFile; productRef = 11E75ACDC95D928BEEF0983E /* WhisperKit */; };
		1CFA584C0F6370720758050D /* AppContext.swift in Sources */ = {isa = PBXBuildFile; fileRef = 39C850799644CA7D3DFAFA69 /* AppContext.swift */; };
		1F44FCCD02898741F7EBD98C /* MLXLLM in Frameworks */ = {isa = PBXBuildFile; productRef = 982040DF107CAA0229F91FCE /* MLXLLM */; };
		220C32B651A1A130A0D43B87 /* PersonalDictionaryTests.swift in Sources */ = {isa = PBXBuildFile; fileRef = 28E1CE2834E80714F89672EB /* PersonalDictionaryTests.swift */; };
		22679000577F180A694E3099 /* TableFormatter.swift in Sources */ = {isa = PBXBuildFile; fileRef = 9D0194B0CA610C8F38A3DD87 /* TableFormatter.swift */; };
		2328CA5E45153D7DEDAD8786 /* CreatureView.swift in Sources */ = {isa = PBXBuildFile; fileRef = 7B874A8DB2D78437F3CAF3AE /* CreatureView.swift */; };
		2481A4D67C331446FB45DF34 /* SpeechAnalyzerEngine.swift in Sources */ = {isa = PBXBuildFile; fileRef = 198BF592E0889D938A5CBBEF /* SpeechAnalyzerEngine.swift */; };
		2706C1A9C392B7C6D090B93C /* DataManager.swift in Sources */ = {isa = PBXBuildFile; fileRef = CE612E65BDE9C5175B687345 /* DataManager.swift */; };
		279C4AB419ED87C8206F3489 /* CommandModeTests.swift in Sources */ = {isa = PBXBuildFile; fileRef = A862FC16DBFAD6F1459ED907 /* CommandModeTests.swift */; };
		27C87702CC06D6D613227BD7 /* AudioSegment.swift in Sources */ = {isa = PBXBuildFile; fileRef = 6CCAECC44EFFDFAC924CCAE1 /* AudioSegment.swift */; };
		27D28A69DB1214F98091203B /* UserPromptContextManager.swift in Sources */ = {isa = PBXBuildFile; fileRef = 306F76FCFC9C33DC28812775 /* UserPromptContextManager.swift */; };
		2A40C3E6A220185E5EF5D726 /* PersonalDictionary.swift in Sources */ = {isa = PBXBuildFile; fileRef = 545004FE2DCCA737DB9DC8BF /* PersonalDictionary.swift */; };
		2C6DE8BAB0DECABD21A016D1 /* LaunchAtLogin in Frameworks */ = {isa = PBXBuildFile; productRef = C82067E23667885AD8A83363 /* LaunchAtLogin */; };
		2CF3B1CA54412057A8423B26 /* CleanupPromptBuilder.swift in Sources */ = {isa = PBXBuildFile; fileRef = D88A57EAAD5580BDF5F5385D /* CleanupPromptBuilder.swift */; };
		2D3AA33BEA97EC200E54869B /* StatusBarController.swift in Sources */ = {isa = PBXBuildFile; fileRef = 3DE8B7CD46DBBFC7727C02FE /* StatusBarController.swift */; };
		2D5B25B76A49FDEBA0C95F9B /* BenchmarkLLMRunner.swift in Sources */ = {isa = PBXBuildFile; fileRef = 12F773176AF934344A7037C4 /* BenchmarkLLMRunner.swift */; };
		2E0B8C608C6F58EB9295742C /* WhisperKit in Frameworks */ = {isa = PBXBuildFile; productRef = ECC6F544C3F0111D738743CB /* WhisperKit */; };
		2F4E008B48AB5323C3154BF3 /* VADManager.swift in Sources */ = {isa = PBXBuildFile; fileRef = 68CF1D552788A3F62A8DB72A /* VADManager.swift */; };
		330DD3733D57F268765BB4B7 /* BenchmarkRunner.swift in Sources */ = {isa = PBXBuildFile; fileRef = A2F463E210E5FBF08AA5BD81 /* BenchmarkRunner.swift */; };
		3526FD38E674B0ED6ADF24F9 /* UserPromptContextTests.swift in Sources */ = {isa = PBXBuildFile; fileRef = 3A8299649DCA500CB264FD79 /* UserPromptContextTests.swift */; };
		3814EF1589B859331706A95A /* PasteManager.swift in Sources */ = {isa = PBXBuildFile; fileRef = 4E3FDFB8D2A3A6137B7E9E33 /* PasteManager.swift */; };
		399C814034FD27B090F55D75 /* GeneralTab.swift in Sources */ = {isa = PBXBuildFile; fileRef = 1AABD496992B850C711A8C79 /* GeneralTab.swift */; };
		3A62B5D65BFDFF186F8F5A9F /* Localizable.strings in Resources */ = {isa = PBXBuildFile; fileRef = 7D3CA0202F52BB293D5D3977 /* Localizable.strings */; };
		3AFB383B7B70B0AF6D887428 /* StyleSettings.swift in Sources */ = {isa = PBXBuildFile; fileRef = F05FDF15F0BA573912464360 /* StyleSettings.swift */; };
		3D02ADB3681D92C94F80B72C /* CleanupPromptBuilderTests.swift in Sources */ = {isa = PBXBuildFile; fileRef = DABF58A0FC22E851B9564DEB /* CleanupPromptBuilderTests.swift */; };
		3E254F69C0B4845AF666B04D /* MLX in Frameworks */ = {isa = PBXBuildFile; productRef = 5561D2893F1524D594D787EA /* MLX */; };
		3F2D788AFE90525BC1FCE2F8 /* LLMModelRegistry.swift in Sources */ = {isa = PBXBuildFile; fileRef = 96CFCBB51A93B79F8A29930C /* LLMModelRegistry.swift */; };
		4264BCD90B48638E77F7AF4C /* AnalyticsTracker.swift in Sources */ = {isa = PBXBuildFile; fileRef = 155C4F42885C561CABABA06E /* AnalyticsTracker.swift */; };
		439AC600F4DE18161CC945FF /* CorrectionDiffer.swift in Sources */ = {isa = PBXBuildFile; fileRef = BDB0E608A461EE769B2BA6AF /* CorrectionDiffer.swift */; };
		47C59B80D1FB0C28EA7E49BE /* WAVRecorder.swift in Sources */ = {isa = PBXBuildFile; fileRef = 717CA0503E596DF45364966C /* WAVRecorder.swift */; };
		485BB955656717293743C7B5 /* DesignTokens.swift in Sources */ = {isa = PBXBuildFile; fileRef = 74D34F58FEE12B895D619023 /* DesignTokens.swift */; };
		4BB6EFBB7CB6CACE76AD06D8 /* PersonalDictionary.swift in Sources */ = {isa = PBXBuildFile; fileRef = 545004FE2DCCA737DB9DC8BF /* PersonalDictionary.swift */; };
		4C18702247DD374FEE2F7F51 /* YapYapError.swift in Sources */ = {isa = PBXBuildFile; fileRef = C6D469BE3EAC26808CE9249D /* YapYapError.swift */; };
		4C3A617EE1F3B140143A8DBC /* HistoryTab.swift in Sources */ = {isa = PBXBuildFile; fileRef = D6F804F2CF43F7DE12023F26 /* HistoryTab.swift */; };
		4C6B64EAEBEB79F81FC8AF99 /* AudioRecoveryTests.swift in Sources */ = {isa = PBXBuildFile; fileRef = 88662C0CA3054E3FB2DA55A2 /* AudioRecoveryTests.swift */; };
		4D5E54CFA996043CDF6915ED /* VADManager.swift in Sources */ = {isa = PBXBuildFile; fileRef = 68CF1D552788A3F62A8DB72A /* VADManager.swift */; };
		4F1693330F4D83F8BF0278E2 /* SpeechAnalyzerEngine.swift in Sources */ = {isa = PBXBuildFile; fileRef = 198BF592E0889D938A5CBBEF /* SpeechAnalyzerEngine.swift */; };
		4FEDD19918E0E9B805E493DC /* MLXLMCommon in Frameworks */ = {isa = PBXBuildFile; productRef = A858C0ACB7CCED2B884FBA2D /* MLXLMCommon */; };
		504469E64EE7C742EAA9387F /* AudioSegment.swift in Sources */ = {isa = PBXBuildFile; fileRef = 6CCAECC44EFFDFAC924CCAE1 /* AudioSegment.swift */; };
		5084E10F84F967D6A4396E61 /* VADConfig.swift in Sources */ = {isa = PBXBuildFile; fileRef = 1BF404197047F870703C6CB0 /* VADConfig.swift */; };
		529D3E41119D6F59955F7C6A /* ContextFactory.swift in Sources */ = {isa = PBXBuildFile; fileRef = 2BE9B8E26FD30FFC5AEC4042 /* ContextFactory.swift */; };
		53CF7B7C29B206F1D81837FE /* SoundManager.swift in Sources */ = {isa = PBXBuildFile; fileRef = FCFCD4E0913DCE3278E33BDC /* SoundManager.swift */; };
		549A1ABFF0113746D3BD0AC1 /* BenchmarkResult.swift in Sources */ = {isa = PBXBuildFile; fileRef = 5F2CF165863574EFA600AFDC /* BenchmarkResult.swift */; };
		54F0ECDE6AA3C90D339C462D /* AppContext.swift in Sources */ = {isa = PBXBuildFile; fileRef = 39C850799644CA7D3DFAFA69 /* AppContext.swift */; };
		5679154CBF44469556F06F14 /* TranscriptionPipelineTests.swift in Sources */ = {isa = PBXBuildFile; fileRef = CB68E105C803B17AC0FED012 /* TranscriptionPipelineTests.swift */; };
		5A45DC19E016148CCF6C5F60 /* WaveformView.swift in Sources */ = {isa = PBXBuildFile; fileRef = 300188F77A7E41A27E044A79 /* WaveformView.swift */; };
		5AB34B549EA1E9DD2947EF4C /* DictionaryTab.swift in Sources */ = {isa = PBXBuildFile; fileRef = 6B99E72BA7E5665842A0EBE3 /* DictionaryTab.swift */; };
		5C8E8FB874659E6136BACEBD /* FillerFilter.swift in Sources */ = {isa = PBXBuildFile; fileRef = F1FA28B90EEED15270C0B4D7 /* FillerFilter.swift */; };
		5DE2EA4B1E8877889C68FB05 /* WhisperCppEngine.swift in Sources */ = {isa = PBXBuildFile; fileRef = D83B52713A7B8D89E413A1A4 /* WhisperCppEngine.swift */; };
		60BBA7874F9BC53EEB86ACED /* VocabularyBooster.swift in Sources */ = {isa = PBXBuildFile; fileRef = 67012EDAFFDEE4F4463DFFFD /* VocabularyBooster.swift */; };
		621918642E8554EF03B081A0 /* OutputStyle.swift in Sources */ = {isa = PBXBuildFile; fileRef = 3738D62B204C5EEAF00102DD /* OutputStyle.swift */; };
		62C0D93612C5FA9A6C700EFA /* AppCategory.swift in Sources */ = {isa = PBXBuildFile; fileRef = 87B28CEC987D82699CC177D8 /* AppCategory.swift */; };
		62F2C32FEC55F67EF2E403B4 /* FloatingBarView.swift in Sources */ = {isa = PBXBuildFile; fileRef = D0115BA186A3931DE0191E1E /* FloatingBarView.swift */; };
		64C71CDF0ECC62EA83541375 /* STTEngine.swift in Sources */ = {isa = PBXBuildFile; fileRef = 2EF96A6052FF52A3A7DA1B06 /* STTEngine.swift */; };
		655DD56AEAB06DC0C790965B /* StderrSuppressorTests.swift in Sources */ = {isa = PBXBuildFile; fileRef = DECFD39102841DD432AAD2D8 /* StderrSuppressorTests.swift */; };
		68933ED2DE3C6DF5DE26C703 /* ModelRegistryTests.swift in Sources */ = {isa = PBXBuildFile; fileRef = 277BA9A86C8F446F56E37260 /* ModelRegistryTests.swift */; };
		6B5BF43CB3D38EE044832F65 /* DailyStats.swift in Sources */ = {isa = PBXBuildFile; fileRef = 8F39ED42C26F2F0BA2DDC998 /* DailyStats.swift */; };
		6BB10444C4424F30255E7E95 /* STTCommand.swift in Sources */ = {isa = PBXBuildFile; fileRef = 1A6E36BA27F3EBB83856BF29 /* STTCommand.swift */; };
		6BF6C6FEE481ACDCBEF2A614 /* HapticManager.swift in Sources */ = {isa = PBXBuildFile; fileRef = 00971EACC260CA978A6D6E09 /* HapticManager.swift */; };
		6C3845973CA8C03F02431842 /* WAVLoader.swift in Sources */ = {isa = PBXBuildFile; fileRef = D43C78B3F55807E3C9B386C2 /* WAVLoader.swift */; };
		6FE40462FA034883F37766C3 /* OutputStyle.swift in Sources */ = {isa = PBXBuildFile; fileRef = 3738D62B204C5EEAF00102DD /* OutputStyle.swift */; };
		72A378FD53F0C17AC2F915E8 /* CorrectionDifferTests.swift in Sources */ = {isa = PBXBuildFile; fileRef = 1EA8273F7A483CE029766C82 /* CorrectionDifferTests.swift */; };
		74881C8B9C53B7E5020BDB46 /* ModelStorage.swift in Sources */ = {isa = PBXBuildFile; fileRef = 1E8E32668F8CD1142E1AB979 /* ModelStorage.swift */; };
		7625BEE799FB303ADA7236AB /* SnippetManagerTests.swift in Sources */ = {isa = PBXBuildFile; fileRef = A297DB104B50AF87E6B7CEBA /* SnippetManagerTests.swift */; };
		76656617951807826122E635 /* PromptTestTab.swift in Sources */ = {isa = PBXBuildFile; fileRef = 3598150C4E2EBE066759760A /* PromptTestTab.swift */; };
		776DAD053A2422DB984DF85E /* YapYapBench.swift in Sources */ = {isa = PBXBuildFile; fileRef = C80B8954F71B298D6318D8B1 /* YapYapBench.swift */; };
		77EDF541171CADEE63D9E444 /* ModelsTab.swift in Sources */ = {isa = PBXBuildFile; fileRef = 1BF81ADC34DE5A00B53D4251 /* ModelsTab.swift */; };
		78142CA5E1212EDB58F57EA6 /* Sparkle in Frameworks */ = {isa = PBXBuildFile; productRef = E859453AF5538824FA6B6580 /* Sparkle */; };
		7839695FA6D020C247813CD0 /* DataModelTests.swift in Sources */ = {isa = PBXBuildFile; fileRef = 5D9D8DA8E155D84E87E29EC8 /* DataModelTests.swift */; };
		7D1D84D1E4A33C912FE1B96F /* FluidAudio in Frameworks */ = {isa = PBXBuildFile; productRef = 8A4947F3102CFA850378A9BF /* FluidAudio */; };
		7E27A1F3D5340F6F6C6FA05D /* TranscriptionExecutor.swift in Sources */ = {isa = PBXBuildFile; fileRef = 7A7A874EC6C42502E871D4CA /* TranscriptionExecutor.swift */; };
		7E87CFF5CA62030B3ED24B45 /* OutputFormatter.swift in Sources */ = {isa = PBXBuildFile; fileRef = 8BE43C5294542EBAC40690B9 /* OutputFormatter.swift */; };
		7EF18C8D66954622E757CFE1 /* WhisperKitEngine.swift in Sources */ = {isa = PBXBuildFile; fileRef = 17D51DC4EA4BAD23FC8725BF /* WhisperKitEngine.swift */; };
		7F7048C27447F4E2053B388D /* YapYapApp.swift in Sources */ = {isa = PBXBuildFile; fileRef = 4100E239E1B82A3CD6C65A89 /* YapYapApp.swift */; };
		7F7E3C6CAF326F56857F225B /* FluidAudioEngine.swift in Sources */ = {isa = PBXBuildFile; fileRef = E7A355C4B4AD9FE347C78BA5 /* FluidAudioEngine.swift */; };
		8299E3700A31CD081956511B /* RunCommand.swift in Sources */ = {isa = PBXBuildFile; fileRef = 74F4EC82F252D3D16C5B2838 /* RunCommand.swift */; };
		83478B122CDCBBAB3A7C29EF /* MediaPlaybackController.swift in Sources */ = {isa = PBXBuildFile; fileRef = 024CCF9853D8925D86A49FFE /* MediaPlaybackController.swift */; };
		852C03F7CDCA61FDD73CBF97 /* CommandMode.swift in Sources */ = {isa = PBXBuildFile; fileRef = 0B7480505B9D1DFE32F0B0B5 /* CommandMode.swift */; };
		8BA783E92781C7C48DA4F09C /* MLXLMCommon in Frameworks */ = {isa = PBXBuildFile; productRef = C5FF9CCC6CD4DA1D7A236E07 /* MLXLMCommon */; };
		8C7E66F123DE6EC4B34B2ED9 /* CrashReporter.swift in Sources */ = {isa = PBXBuildFile; fileRef = 1D3381D8987278B215BED6B3 /* CrashReporter.swift */; };
		8E0122D5D31B47EE9C53EBF1 /* STTEngine.swift in Sources */ = {isa = PBXBuildFile; fileRef = 2EF96A6052FF52A3A7DA1B06 /* STTEngine.swift */; };
		8E62711B01B71C06EF670AD2 /* CleanupPromptBuilder.swift in Sources */ = {isa = PBXBuildFile; fileRef = D88A57EAAD5580BDF5F5385D /* CleanupPromptBuilder.swift */; };
		901046B88AF75F81179F408F /* WhisperKitEngine.swift in Sources */ = {isa = PBXBuildFile; fileRef = 17D51DC4EA4BAD23FC8725BF /* WhisperKitEngine.swift */; };
		9097E6B1692B1A6375C81C25 /* OnboardingView.swift in Sources */ = {isa = PBXBuildFile; fileRef = 698E5AA9BF6A80874D6AADA5 /* OnboardingView.swift */; };
		91489BFA97E2CE973C06782C /* README.md in Resources */ = {isa = PBXBuildFile; fileRef = D88E025491E5B6099FD4E168 /* README.md */; };
		9358218A08ECE3E1E6823392 /* AppContextDetector.swift in Sources */ = {isa = PBXBuildFile; fileRef = 0DE4D05F5812414AE886D564 /* AppContextDetector.swift */; };
		94A2586C46349C41A4DB015F /* WhisperCppEngine.swift in Sources */ = {isa = PBXBuildFile; fileRef = D83B52713A7B8D89E413A1A4 /* WhisperCppEngine.swift */; };
		94A987D63044E4FD2F42E247 /* OutputFormatter.swift in Sources */ = {isa = PBXBuildFile; fileRef = 8BE43C5294542EBAC40690B9 /* OutputFormatter.swift */; };
		956205D444B3AC1648D40C24 /* GlassComponents.swift in Sources */ = {isa = PBXBuildFile; fileRef = CDB51103ED70B4B985A743BD /* GlassComponents.swift */; };
		977666C4780ED182B3611170 /* MLX in Frameworks */ = {isa = PBXBuildFile; productRef = 9DB9DC57CF830A6D79DA1C2F /* MLX */; };
		97B71750C9ED916F7D19F611 /* SettingsView.swift in Sources */ = {isa = PBXBuildFile; fileRef = 649278805EE28722F9F42B30 /* SettingsView.swift */; };
		9AC846929711FF5AF13FEB53 /* STTModelRegistry.swift in Sources */ = {isa = PBXBuildFile; fileRef = 5F3628A58CAAF87EDDEAF889 /* STTModelRegistry.swift */; };
		9B0D43D7105E9CE58E10FCFF /* FluidAudio in Frameworks */ = {isa = PBXBuildFile; productRef = 06D102FE0F7703FDCBA42E05 /* FluidAudio */; };
		A1634A562A0CF3138CDDFA4E /* UserPromptContext.swift in Sources */ = {isa = PBXBuildFile; fileRef = 936BD453DD8ED54AE7FB1BA3 /* UserPromptContext.swift */; };
		A1950FB7E7A101C1715C8370 /* StyleSettings.swift in Sources */ = {isa = PBXBuildFile; fileRef = F05FDF15F0BA573912464360 /* StyleSettings.swift */; };
		A2DC5C29013A4BFDCFD8E786 /* LLMEngine.swift in Sources */ = {isa = PBXBuildFile; fileRef = 351AA57A2113A29E8DEBE453 /* LLMEngine.swift */; };
		A32886523693606D16F15CE9 /* AppCategory.swift in Sources */ = {isa = PBXBuildFile; fileRef = 87B28CEC987D82699CC177D8 /* AppCategory.swift */; };
		A8C83FC6DB572107F0C9DE77 /* PromptTemplates.swift in Sources */ = {isa = PBXBuildFile; fileRef = 33711F42A312F8D5CC1F2FFB /* PromptTemplates.swift */; };
		A96A9B0B2C9B53FCD0D3D6B9 /* PowerModeRule.swift in Sources */ = {isa = PBXBuildFile; fileRef = 031CB51A07A8B376C9CDCE1B /* PowerModeRule.swift */; };
		A9BD0A7094A517D3AFB75DB6 /* STTEngineFactory.swift in Sources */ = {isa = PBXBuildFile; fileRef = AA7B275E01079F8B546E428B /* STTEngineFactory.swift */; };
		AE498DB2A5AB25E2CABA8DA0 /* STTModelRegistry.swift in Sources */ = {isa = PBXBuildFile; fileRef = 5F3628A58CAAF87EDDEAF889 /* STTModelRegistry.swift */; };
		AEC34FB22E6B78AC099AC883 /* VADConfig.swift in Sources */ = {isa = PBXBuildFile; fileRef = 1BF404197047F870703C6CB0 /* VADConfig.swift */; };
		AF21A1E4666DD905FD03ED9A /* YapYapError.swift in Sources */ = {isa = PBXBuildFile; fileRef = C6D469BE3EAC26808CE9249D /* YapYapError.swift */; };
		B73406F9C91FEF5042562AEF /* ModelStorage.swift in Sources */ = {isa = PBXBuildFile; fileRef = 1E8E32668F8CD1142E1AB979 /* ModelStorage.swift */; };
		BB0B70D0136A849537ADB320 /* STTEngineFactory.swift in Sources */ = {isa = PBXBuildFile; fileRef = AA7B275E01079F8B546E428B /* STTEngineFactory.swift */; };
		BD304DF5AA9AF3A368FD4DF9 /* StyleTab.swift in Sources */ = {isa = PBXBuildFile; fileRef = 83272763718A929330D6D7B1 /* StyleTab.swift */; };
		C074544B9F78204C570B4C52 /* FillerFilterTests.swift in Sources */ = {isa = PBXBuildFile; fileRef = 6663A7E6801BC7B3FB543648 /* FillerFilterTests.swift */; };
		C176FBC3DB9A600CDC59A6AC /* BatchCommand.swift in Sources */ = {isa = PBXBuildFile; fileRef = 2EF01629B801DC36CBBF042A /* BatchCommand.swift */; };
		C5C5F420B41EB572BB747582 /* ListCommand.swift in Sources */ = {isa = PBXBuildFile; fileRef = ED8C96BD5F49747FC3F870F2 /* ListCommand.swift */; };
		C68294B1BFCC7CBF2CC020D2 /* WritingStyleTab.swift in Sources */ = {isa = PBXBuildFile; fileRef = 45964BF91DC2B34D1B82D702 /* WritingStyleTab.swift */; };
		CDB9AFECAF65640AD09DDAE9 /* VADConfigTests.swift in Sources */ = {isa = PBXBuildFile; fileRef = 9DE1EF445E5E84BD82C48FB4 /* VADConfigTests.swift */; };
		D11A5E7793D7F9CF05D8452E /* TestCorpus.swift in Sources */ = {isa = PBXBuildFile; fileRef = C52D488DF14F35BFD8C36B3E /* TestCorpus.swift */; };
		D1335D4097647EF7D2959F6C /* FillerFilter.swift in Sources */ = {isa = PBXBuildFile; fileRef = F1FA28B90EEED15270C0B4D7 /* FillerFilter.swift */; };
		D2BE7BD48A16243985D9C6EA /* KeyboardShortcuts in Frameworks */ = {isa = PBXBuildFile; productRef = 3D357A29F14B60B6788E5F2D /* KeyboardShortcuts */; };
		D4C1C8E3AF78968DA5354792 /* Assets.xcassets in Resources */ = {isa = PBXBuildFile; fileRef = 029FCA6062AD9B55C5D01401 /* Assets.xcassets */; };
		D4EDDCCCF2818F15FF528E55 /* UserPromptContextManager.swift in Sources */ = {isa = PBXBuildFile; fileRef = 306F76FCFC9C33DC28812775 /* UserPromptContextManager.swift */; };
		D60ECFEF1A7FAD8D7B6689A5 /* SettingsWindowController.swift in Sources */ = {isa = PBXBuildFile; fileRef = 8F1937620FA84E9940A1C0FF /* SettingsWindowController.swift */; };
		D64AB066024E4432DBDE2303 /* StderrSuppressor.swift in Sources */ = {isa = PBXBuildFile; fileRef = 9DECE5640C5E8F385E997222 /* StderrSuppressor.swift */; };
		D6EDD68DDC2F20A3206F45B6 /* CorpusCommand.swift in Sources */ = {isa = PBXBuildFile; fileRef = 80A3D963F22D03A9AE9B19A1 /* CorpusCommand.swift */; };
		D89E5C03254A27B0C3C92477 /* AppSettings.swift in Sources */ = {isa = PBXBuildFile; fileRef = 02E3EE15439E73348CB02353 /* AppSettings.swift */; };
		D9F0C578C16E6453A058752A /* PrivacyInfo.xcprivacy in Resources */ = {isa = PBXBuildFile; fileRef = 540FB8F336CF88447F434A96 /* PrivacyInfo.xcprivacy */; };
		DA6A376135A184FFE88E20FC /* MLXLLM in Frameworks */ = {isa = PBXBuildFile; productRef = EBB60F04577F0CBE50CAC447 /* MLXLLM */; };
		DB42C349AD45D2CCA867813B /* AppContextDetectorTests.swift in Sources */ = {isa = PBXBuildFile; fileRef = E7ECB96F73F6E946484F7045 /* AppContextDetectorTests.swift */; };
		DCDAEE1069874F8DB90B6467 /* PromptTemplates.swift in Sources */ = {isa = PBXBuildFile; fileRef = 33711F42A312F8D5CC1F2FFB /* PromptTemplates.swift */; };
		E0DE4D626E0270553D2B5311 /* AnalyticsTab.swift in Sources */ = {isa = PBXBuildFile; fileRef = DEB402BE050E16C34E2652F4 /* AnalyticsTab.swift */; };
		E50EEAAD8DE5C361158F9633 /* FloatingBarPanel.swift in Sources */ = {isa = PBXBuildFile; fileRef = 4E68B5460F37DD9C29C03E88 /* FloatingBarPanel.swift */; };
		E59666685F661AC9C67E4520 /* Permissions.swift in Sources */ = {isa = PBXBuildFile; fileRef = 2CF46A2BC6B8E1D81CCFC91B /* Permissions.swift */; };
		E7D015CE5F5E766BD92E2465 /* AboutTab.swift in Sources */ = {isa = PBXBuildFile; fileRef = F87957A5A50A39CE75D44C8E /* AboutTab.swift */; };
		E989D4AE08E588BA45AA0BFD /* AppContextDetector.swift in Sources */ = {isa = PBXBuildFile; fileRef = 0DE4D05F5812414AE886D564 /* AppContextDetector.swift */; };
		E9A536D8549FB9F14B49BF64 /* Transcription.swift in Sources */ = {isa = PBXBuildFile; fileRef = A1F86669849B4CE93047AE04 /* Transcription.swift */; };
		E9FE9E68C7CFABFB0C724F85 /* AppDelegate.swift in Sources */ = {isa = PBXBuildFile; fileRef = A0826E920AB4660FF1D9CC33 /* AppDelegate.swift */; };
		EB94479074DBF997887C23B4 /* FloatingBarPosition.swift in Sources */ = {isa = PBXBuildFile; fileRef = D433A807289A1F815C85B1B2 /* FloatingBarPosition.swift */; };
		EFFF6865D4E37DF73E85789D /* ComparisonReporter.swift in Sources */ = {isa = PBXBuildFile; fileRef = F4FDA0265221A8D869E1F636 /* ComparisonReporter.swift */; };
		F1A274E587E08D6B1488BDBC /* AppState.swift in Sources */ = {isa = PBXBuildFile; fileRef = 786FED7869593245EC3340F3 /* AppState.swift */; };
		F1F1B1DA420CDE56405E4D99 /* RecordCommand.swift in Sources */ = {isa = PBXBuildFile; fileRef = 4A6FB29C1BAEA26D695F5FD3 /* RecordCommand.swift */; };
		F3F570FF506931E5D3AAC8FD /* DesignTokensTests.swift in Sources */ = {isa = PBXBuildFile; fileRef = 99D142F798F943B4771FCFA3 /* DesignTokensTests.swift */; };
		F43AE96A65091738BF648931 /* Sentry in Frameworks */ = {isa = PBXBuildFile; productRef = 5DC3E43DA0454A8846C0AF5F /* Sentry */; };
		F474B154563904DDAAF329C0 /* LLMModelRegistry.swift in Sources */ = {isa = PBXBuildFile; fileRef = 96CFCBB51A93B79F8A29930C /* LLMModelRegistry.swift */; };
		F79886CCD281B7B1449DCE23 /* HotkeysTab.swift in Sources */ = {isa = PBXBuildFile; fileRef = 9B1DE38B622ADD1E7DD4B151 /* HotkeysTab.swift */; };
		FA7CFC4A56B516EFF4A69B58 /* PopoverView.swift in Sources */ = {isa = PBXBuildFile; fileRef = 9718F48C4D5A4065625E27F1 /* PopoverView.swift */; };
		FC0966BBB724620CF1C0CBAF /* FluidAudioEngine.swift in Sources */ = {isa = PBXBuildFile; fileRef = E7A355C4B4AD9FE347C78BA5 /* FluidAudioEngine.swift */; };
		FCFD02B54D5FFCB40F877EAE /* YapYapErrorTests.swift in Sources */ = {isa = PBXBuildFile; fileRef = 95818D9E5700BEFF8A063BBC /* YapYapErrorTests.swift */; };
		FD0A84D8D6DFADC03C6AA181 /* VocabularyBooster.swift in Sources */ = {isa = PBXBuildFile; fileRef = 67012EDAFFDEE4F4463DFFFD /* VocabularyBooster.swift */; };
		FE1C97CBE4DC9490C3228308 /* CorrectionDiffer.swift in Sources */ = {isa = PBXBuildFile; fileRef = BDB0E608A461EE769B2BA6AF /* CorrectionDiffer.swift */; };
		FE7B992B6BE28053326C2DA9 /* UserPromptContext.swift in Sources */ = {isa = PBXBuildFile; fileRef = 936BD453DD8ED54AE7FB1BA3 /* UserPromptContext.swift */; };
/* End PBXBuildFile section */

/* Begin PBXContainerItemProxy section */
		4CB7C21498F93E076A15FF1F /* PBXContainerItemProxy */ = {
			isa = PBXContainerItemProxy;
			containerPortal = 8D543FDC29E16E93C7BB6C75 /* Project object */;
			proxyType = 1;
			remoteGlobalIDString = 1C5724157EFE78E16BA8C4E0;
			remoteInfo = YapYap;
		};
/* End PBXContainerItemProxy section */

/* Begin PBXFileReference section */
		00971EACC260CA978A6D6E09 /* HapticManager.swift */ = {isa = PBXFileReference; lastKnownFileType = sourcecode.swift; path = HapticManager.swift; sourceTree = "<group>"; };
		024CCF9853D8925D86A49FFE /* MediaPlaybackController.swift */ = {isa = PBXFileReference; lastKnownFileType = sourcecode.swift; path = MediaPlaybackController.swift; sourceTree = "<group>"; };
		029FCA6062AD9B55C5D01401 /* Assets.xcassets */ = {isa = PBXFileReference; lastKnownFileType = folder.assetcatalog; path = Assets.xcassets; sourceTree = "<group>"; };
		02E3EE15439E73348CB02353 /* AppSettings.swift */ = {isa = PBXFileReference; lastKnownFileType = sourcecode.swift; path = AppSettings.swift; sourceTree = "<group>"; };
		031CB51A07A8B376C9CDCE1B /* PowerModeRule.swift */ = {isa = PBXFileReference; lastKnownFileType = sourcecode.swift; path = PowerModeRule.swift; sourceTree = "<group>"; };
		0B7480505B9D1DFE32F0B0B5 /* CommandMode.swift */ = {isa = PBXFileReference; lastKnownFileType = sourcecode.swift; path = CommandMode.swift; sourceTree = "<group>"; };
		0BDB63741BD52EB130CDB55F /* OutputFormatterTests.swift */ = {isa = PBXFileReference; lastKnownFileType = sourcecode.swift; path = OutputFormatterTests.swift; sourceTree = "<group>"; };
		0DE4D05F5812414AE886D564 /* AppContextDetector.swift */ = {isa = PBXFileReference; lastKnownFileType = sourcecode.swift; path = AppContextDetector.swift; sourceTree = "<group>"; };
		12F773176AF934344A7037C4 /* BenchmarkLLMRunner.swift */ = {isa = PBXFileReference; lastKnownFileType = sourcecode.swift; path = BenchmarkLLMRunner.swift; sourceTree = "<group>"; };
		155C4F42885C561CABABA06E /* AnalyticsTracker.swift */ = {isa = PBXFileReference; lastKnownFileType = sourcecode.swift; path = AnalyticsTracker.swift; sourceTree = "<group>"; };
		17D51DC4EA4BAD23FC8725BF /* WhisperKitEngine.swift */ = {isa = PBXFileReference; lastKnownFileType = sourcecode.swift; path = WhisperKitEngine.swift; sourceTree = "<group>"; };
		198BF592E0889D938A5CBBEF /* SpeechAnalyzerEngine.swift */ = {isa = PBXFileReference; lastKnownFileType = sourcecode.swift; path = SpeechAnalyzerEngine.swift; sourceTree = "<group>"; };
		1A6E36BA27F3EBB83856BF29 /* STTCommand.swift */ = {isa = PBXFileReference; lastKnownFileType = sourcecode.swift; path = STTCommand.swift; sourceTree = "<group>"; };
		1AABD496992B850C711A8C79 /* GeneralTab.swift */ = {isa = PBXFileReference; lastKnownFileType = sourcecode.swift; path = GeneralTab.swift; sourceTree = "<group>"; };
		1BF404197047F870703C6CB0 /* VADConfig.swift */ = {isa = PBXFileReference; lastKnownFileType = sourcecode.swift; path = VADConfig.swift; sourceTree = "<group>"; };
		1BF81ADC34DE5A00B53D4251 /* ModelsTab.swift */ = {isa = PBXFileReference; lastKnownFileType = sourcecode.swift; path = ModelsTab.swift; sourceTree = "<group>"; };
		1D3381D8987278B215BED6B3 /* CrashReporter.swift */ = {isa = PBXFileReference; lastKnownFileType = sourcecode.swift; path = CrashReporter.swift; sourceTree = "<group>"; };
		1E8E32668F8CD1142E1AB979 /* ModelStorage.swift */ = {isa = PBXFileReference; lastKnownFileType = sourcecode.swift; path = ModelStorage.swift; sourceTree = "<group>"; };
		1EA8273F7A483CE029766C82 /* CorrectionDifferTests.swift */ = {isa = PBXFileReference; lastKnownFileType = sourcecode.swift; path = CorrectionDifferTests.swift; sourceTree = "<group>"; };
		25A262D60BF6A46BB4021178 /* YapYap.entitlements */ = {isa = PBXFileReference; lastKnownFileType = text.plist.entitlements; path = YapYap.entitlements; sourceTree = "<group>"; };
		277BA9A86C8F446F56E37260 /* ModelRegistryTests.swift */ = {isa = PBXFileReference; lastKnownFileType = sourcecode.swift; path = ModelRegistryTests.swift; sourceTree = "<group>"; };
		28E1CE2834E80714F89672EB /* PersonalDictionaryTests.swift */ = {isa = PBXFileReference; lastKnownFileType = sourcecode.swift; path = PersonalDictionaryTests.swift; sourceTree = "<group>"; };
		2AF496DD576082593F281091 /* Info.plist */ = {isa = PBXFileReference; lastKnownFileType = text.plist; path = Info.plist; sourceTree = "<group>"; };
		2BE9B8E26FD30FFC5AEC4042 /* ContextFactory.swift */ = {isa = PBXFileReference; lastKnownFileType = sourcecode.swift; path = ContextFactory.swift; sourceTree = "<group>"; };
		2CF46A2BC6B8E1D81CCFC91B /* Permissions.swift */ = {isa = PBXFileReference; lastKnownFileType = sourcecode.swift; path = Permissions.swift; sourceTree = "<group>"; };
		2EF01629B801DC36CBBF042A /* BatchCommand.swift */ = {isa = PBXFileReference; lastKnownFileType = sourcecode.swift; path = BatchCommand.swift; sourceTree = "<group>"; };
		2EF96A6052FF52A3A7DA1B06 /* STTEngine.swift */ = {isa = PBXFileReference; lastKnownFileType = sourcecode.swift; path = STTEngine.swift; sourceTree = "<group>"; };
		300188F77A7E41A27E044A79 /* WaveformView.swift */ = {isa = PBXFileReference; lastKnownFileType = sourcecode.swift; path = WaveformView.swift; sourceTree = "<group>"; };
		306F76FCFC9C33DC28812775 /* UserPromptContextManager.swift */ = {isa = PBXFileReference; lastKnownFileType = sourcecode.swift; path = UserPromptContextManager.swift; sourceTree = "<group>"; };
		33711F42A312F8D5CC1F2FFB /* PromptTemplates.swift */ = {isa = PBXFileReference; lastKnownFileType = sourcecode.swift; path = PromptTemplates.swift; sourceTree = "<group>"; };
		351AA57A2113A29E8DEBE453 /* LLMEngine.swift */ = {isa = PBXFileReference; lastKnownFileType = sourcecode.swift; path = LLMEngine.swift; sourceTree = "<group>"; };
		3598150C4E2EBE066759760A /* PromptTestTab.swift */ = {isa = PBXFileReference; lastKnownFileType = sourcecode.swift; path = PromptTestTab.swift; sourceTree = "<group>"; };
		3738D62B204C5EEAF00102DD /* OutputStyle.swift */ = {isa = PBXFileReference; lastKnownFileType = sourcecode.swift; path = OutputStyle.swift; sourceTree = "<group>"; };
		39C850799644CA7D3DFAFA69 /* AppContext.swift */ = {isa = PBXFileReference; lastKnownFileType = sourcecode.swift; path = AppContext.swift; sourceTree = "<group>"; };
		3A8299649DCA500CB264FD79 /* UserPromptContextTests.swift */ = {isa = PBXFileReference; lastKnownFileType = sourcecode.swift; path = UserPromptContextTests.swift; sourceTree = "<group>"; };
		3B1A0B1FB337F74CBDDD48ED /* CreatureState.swift */ = {isa = PBXFileReference; lastKnownFileType = sourcecode.swift; path = CreatureState.swift; sourceTree = "<group>"; };
		3DE8B7CD46DBBFC7727C02FE /* StatusBarController.swift */ = {isa = PBXFileReference; lastKnownFileType = sourcecode.swift; path = StatusBarController.swift; sourceTree = "<group>"; };
		40969C556EF9D12522D6B6BB /* YapYap.app */ = {isa = PBXFileReference; explicitFileType = wrapper.application; includeInIndex = 0; path = YapYap.app; sourceTree = BUILT_PRODUCTS_DIR; };
		4100E239E1B82A3CD6C65A89 /* YapYapApp.swift */ = {isa = PBXFileReference; lastKnownFileType = sourcecode.swift; path = YapYapApp.swift; sourceTree = "<group>"; };
		45964BF91DC2B34D1B82D702 /* WritingStyleTab.swift */ = {isa = PBXFileReference; lastKnownFileType = sourcecode.swift; path = WritingStyleTab.swift; sourceTree = "<group>"; };
		4A6FB29C1BAEA26D695F5FD3 /* RecordCommand.swift */ = {isa = PBXFileReference; lastKnownFileType = sourcecode.swift; path = RecordCommand.swift; sourceTree = "<group>"; };
		4E3FDFB8D2A3A6137B7E9E33 /* PasteManager.swift */ = {isa = PBXFileReference; lastKnownFileType = sourcecode.swift; path = PasteManager.swift; sourceTree = "<group>"; };
		4E68B5460F37DD9C29C03E88 /* FloatingBarPanel.swift */ = {isa = PBXFileReference; lastKnownFileType = sourcecode.swift; path = FloatingBarPanel.swift; sourceTree = "<group>"; };
		540FB8F336CF88447F434A96 /* PrivacyInfo.xcprivacy */ = {isa = PBXFileReference; path = PrivacyInfo.xcprivacy; sourceTree = "<group>"; };
		545004FE2DCCA737DB9DC8BF /* PersonalDictionary.swift */ = {isa = PBXFileReference; lastKnownFileType = sourcecode.swift; path = PersonalDictionary.swift; sourceTree = "<group>"; };
		5820E3AB4E46240FD73C41DB /* TranscriptionPipeline.swift */ = {isa = PBXFileReference; lastKnownFileType = sourcecode.swift; path = TranscriptionPipeline.swift; sourceTree = "<group>"; };
		5D9D8DA8E155D84E87E29EC8 /* DataModelTests.swift */ = {isa = PBXFileReference; lastKnownFileType = sourcecode.swift; path = DataModelTests.swift; sourceTree = "<group>"; };
		5F2CF165863574EFA600AFDC /* BenchmarkResult.swift */ = {isa = PBXFileReference; lastKnownFileType = sourcecode.swift; path = BenchmarkResult.swift; sourceTree = "<group>"; };
		5F3628A58CAAF87EDDEAF889 /* STTModelRegistry.swift */ = {isa = PBXFileReference; lastKnownFileType = sourcecode.swift; path = STTModelRegistry.swift; sourceTree = "<group>"; };
		649278805EE28722F9F42B30 /* SettingsView.swift */ = {isa = PBXFileReference; lastKnownFileType = sourcecode.swift; path = SettingsView.swift; sourceTree = "<group>"; };
		6663A7E6801BC7B3FB543648 /* FillerFilterTests.swift */ = {isa = PBXFileReference; lastKnownFileType = sourcecode.swift; path = FillerFilterTests.swift; sourceTree = "<group>"; };
		67012EDAFFDEE4F4463DFFFD /* VocabularyBooster.swift */ = {isa = PBXFileReference; lastKnownFileType = sourcecode.swift; path = VocabularyBooster.swift; sourceTree = "<group>"; };
		68CF1D552788A3F62A8DB72A /* VADManager.swift */ = {isa = PBXFileReference; lastKnownFileType = sourcecode.swift; path = VADManager.swift; sourceTree = "<group>"; };
		698E5AA9BF6A80874D6AADA5 /* OnboardingView.swift */ = {isa = PBXFileReference; lastKnownFileType = sourcecode.swift; path = OnboardingView.swift; sourceTree = "<group>"; };
		6B99E72BA7E5665842A0EBE3 /* DictionaryTab.swift */ = {isa = PBXFileReference; lastKnownFileType = sourcecode.swift; path = DictionaryTab.swift; sourceTree = "<group>"; };
		6CCAECC44EFFDFAC924CCAE1 /* AudioSegment.swift */ = {isa = PBXFileReference; lastKnownFileType = sourcecode.swift; path = AudioSegment.swift; sourceTree = "<group>"; };
		717CA0503E596DF45364966C /* WAVRecorder.swift */ = {isa = PBXFileReference; lastKnownFileType = sourcecode.swift; path = WAVRecorder.swift; sourceTree = "<group>"; };
		74D34F58FEE12B895D619023 /* DesignTokens.swift */ = {isa = PBXFileReference; lastKnownFileType = sourcecode.swift; path = DesignTokens.swift; sourceTree = "<group>"; };
		74F4EC82F252D3D16C5B2838 /* RunCommand.swift */ = {isa = PBXFileReference; lastKnownFileType = sourcecode.swift; path = RunCommand.swift; sourceTree = "<group>"; };
		786FED7869593245EC3340F3 /* AppState.swift */ = {isa = PBXFileReference; lastKnownFileType = sourcecode.swift; path = AppState.swift; sourceTree = "<group>"; };
		7A7A874EC6C42502E871D4CA /* TranscriptionExecutor.swift */ = {isa = PBXFileReference; lastKnownFileType = sourcecode.swift; path = TranscriptionExecutor.swift; sourceTree = "<group>"; };
		7B874A8DB2D78437F3CAF3AE /* CreatureView.swift */ = {isa = PBXFileReference; lastKnownFileType = sourcecode.swift; path = CreatureView.swift; sourceTree = "<group>"; };
		7D3CA0202F52BB293D5D3977 /* Localizable.strings */ = {isa = PBXFileReference; lastKnownFileType = text.plist.strings; path = Localizable.strings; sourceTree = "<group>"; };
		80A3D963F22D03A9AE9B19A1 /* CorpusCommand.swift */ = {isa = PBXFileReference; lastKnownFileType = sourcecode.swift; path = CorpusCommand.swift; sourceTree = "<group>"; };
		83272763718A929330D6D7B1 /* StyleTab.swift */ = {isa = PBXFileReference; lastKnownFileType = sourcecode.swift; path = StyleTab.swift; sourceTree = "<group>"; };
		87B28CEC987D82699CC177D8 /* AppCategory.swift */ = {isa = PBXFileReference; lastKnownFileType = sourcecode.swift; path = AppCategory.swift; sourceTree = "<group>"; };
		88662C0CA3054E3FB2DA55A2 /* AudioRecoveryTests.swift */ = {isa = PBXFileReference; lastKnownFileType = sourcecode.swift; path = AudioRecoveryTests.swift; sourceTree = "<group>"; };
		8BE43C5294542EBAC40690B9 /* OutputFormatter.swift */ = {isa = PBXFileReference; lastKnownFileType = sourcecode.swift; path = OutputFormatter.swift; sourceTree = "<group>"; };
		8F1937620FA84E9940A1C0FF /* SettingsWindowController.swift */ = {isa = PBXFileReference; lastKnownFileType = sourcecode.swift; path = SettingsWindowController.swift; sourceTree = "<group>"; };
		8F39ED42C26F2F0BA2DDC998 /* DailyStats.swift */ = {isa = PBXFileReference; lastKnownFileType = sourcecode.swift; path = DailyStats.swift; sourceTree = "<group>"; };
		927647CCC1693E75CCB2BF39 /* QualityScorer.swift */ = {isa = PBXFileReference; lastKnownFileType = sourcecode.swift; path = QualityScorer.swift; sourceTree = "<group>"; };
		936BD453DD8ED54AE7FB1BA3 /* UserPromptContext.swift */ = {isa = PBXFileReference; lastKnownFileType = sourcecode.swift; path = UserPromptContext.swift; sourceTree = "<group>"; };
		95818D9E5700BEFF8A063BBC /* YapYapErrorTests.swift */ = {isa = PBXFileReference; lastKnownFileType = sourcecode.swift; path = YapYapErrorTests.swift; sourceTree = "<group>"; };
		96CFCBB51A93B79F8A29930C /* LLMModelRegistry.swift */ = {isa = PBXFileReference; lastKnownFileType = sourcecode.swift; path = LLMModelRegistry.swift; sourceTree = "<group>"; };
		9718F48C4D5A4065625E27F1 /* PopoverView.swift */ = {isa = PBXFileReference; lastKnownFileType = sourcecode.swift; path = PopoverView.swift; sourceTree = "<group>"; };
		99D142F798F943B4771FCFA3 /* DesignTokensTests.swift */ = {isa = PBXFileReference; lastKnownFileType = sourcecode.swift; path = DesignTokensTests.swift; sourceTree = "<group>"; };
		9B1DE38B622ADD1E7DD4B151 /* HotkeysTab.swift */ = {isa = PBXFileReference; lastKnownFileType = sourcecode.swift; path = HotkeysTab.swift; sourceTree = "<group>"; };
		9D0194B0CA610C8F38A3DD87 /* TableFormatter.swift */ = {isa = PBXFileReference; lastKnownFileType = sourcecode.swift; path = TableFormatter.swift; sourceTree = "<group>"; };
		9DE1EF445E5E84BD82C48FB4 /* VADConfigTests.swift */ = {isa = PBXFileReference; lastKnownFileType = sourcecode.swift; path = VADConfigTests.swift; sourceTree = "<group>"; };
		9DECE5640C5E8F385E997222 /* StderrSuppressor.swift */ = {isa = PBXFileReference; lastKnownFileType = sourcecode.swift; path = StderrSuppressor.swift; sourceTree = "<group>"; };
		A0826E920AB4660FF1D9CC33 /* AppDelegate.swift */ = {isa = PBXFileReference; lastKnownFileType = sourcecode.swift; path = AppDelegate.swift; sourceTree = "<group>"; };
		A1F86669849B4CE93047AE04 /* Transcription.swift */ = {isa = PBXFileReference; lastKnownFileType = sourcecode.swift; path = Transcription.swift; sourceTree = "<group>"; };
		A297DB104B50AF87E6B7CEBA /* SnippetManagerTests.swift */ = {isa = PBXFileReference; lastKnownFileType = sourcecode.swift; path = SnippetManagerTests.swift; sourceTree = "<group>"; };
		A2F463E210E5FBF08AA5BD81 /* BenchmarkRunner.swift */ = {isa = PBXFileReference; lastKnownFileType = sourcecode.swift; path = BenchmarkRunner.swift; sourceTree = "<group>"; };
		A34E2164FBAB0EB03FB27EAA /* MLXEngine.swift */ = {isa = PBXFileReference; lastKnownFileType = sourcecode.swift; path = MLXEngine.swift; sourceTree = "<group>"; };
		A66289C344F6E03269483F0B /* YapYapBench */ = {isa = PBXFileReference; includeInIndex = 0; path = YapYapBench; sourceTree = BUILT_PRODUCTS_DIR; };
		A862FC16DBFAD6F1459ED907 /* CommandModeTests.swift */ = {isa = PBXFileReference; lastKnownFileType = sourcecode.swift; path = CommandModeTests.swift; sourceTree = "<group>"; };
		A8CB78B6993791FE05AB3842 /* SnippetManager.swift */ = {isa = PBXFileReference; lastKnownFileType = sourcecode.swift; path = SnippetManager.swift; sourceTree = "<group>"; };
		AA7B275E01079F8B546E428B /* STTEngineFactory.swift */ = {isa = PBXFileReference; lastKnownFileType = sourcecode.swift; path = STTEngineFactory.swift; sourceTree = "<group>"; };
		BCD8200F97B4645EF3594151 /* YapYapTests.xctest */ = {isa = PBXFileReference; explicitFileType = wrapper.cfbundle; includeInIndex = 0; path = YapYapTests.xctest; sourceTree = BUILT_PRODUCTS_DIR; };
		BDB0E608A461EE769B2BA6AF /* CorrectionDiffer.swift */ = {isa = PBXFileReference; lastKnownFileType = sourcecode.swift; path = CorrectionDiffer.swift; sourceTree = "<group>"; };
		BEE88F8F1DDCA1CC164FC34B /* AudioCaptureManager.swift */ = {isa = PBXFileReference; lastKnownFileType = sourcecode.swift; path = AudioCaptureManager.swift; sourceTree = "<group>"; };
		C52D488DF14F35BFD8C36B3E /* TestCorpus.swift */ = {isa = PBXFileReference; lastKnownFileType = sourcecode.swift; path = TestCorpus.swift; sourceTree = "<group>"; };
		C6D469BE3EAC26808CE9249D /* YapYapError.swift */ = {isa = PBXFileReference; lastKnownFileType = sourcecode.swift; path = YapYapError.swift; sourceTree = "<group>"; };
		C80B8954F71B298D6318D8B1 /* YapYapBench.swift */ = {isa = PBXFileReference; lastKnownFileType = sourcecode.swift; path = YapYapBench.swift; sourceTree = "<group>"; };
		CB68E105C803B17AC0FED012 /* TranscriptionPipelineTests.swift */ = {isa = PBXFileReference; lastKnownFileType = sourcecode.swift; path = TranscriptionPipelineTests.swift; sourceTree = "<group>"; };
		CDB51103ED70B4B985A743BD /* GlassComponents.swift */ = {isa = PBXFileReference; lastKnownFileType = sourcecode.swift; path = GlassComponents.swift; sourceTree = "<group>"; };
		CE612E65BDE9C5175B687345 /* DataManager.swift */ = {isa = PBXFileReference; lastKnownFileType = sourcecode.swift; path = DataManager.swift; sourceTree = "<group>"; };
		D0115BA186A3931DE0191E1E /* FloatingBarView.swift */ = {isa = PBXFileReference; lastKnownFileType = sourcecode.swift; path = FloatingBarView.swift; sourceTree = "<group>"; };
		D433A807289A1F815C85B1B2 /* FloatingBarPosition.swift */ = {isa = PBXFileReference; lastKnownFileType = sourcecode.swift; path = FloatingBarPosition.swift; sourceTree = "<group>"; };
		D43C78B3F55807E3C9B386C2 /* WAVLoader.swift */ = {isa = PBXFileReference; lastKnownFileType = sourcecode.swift; path = WAVLoader.swift; sourceTree = "<group>"; };
		D6F804F2CF43F7DE12023F26 /* HistoryTab.swift */ = {isa = PBXFileReference; lastKnownFileType = sourcecode.swift; path = HistoryTab.swift; sourceTree = "<group>"; };
		D83B52713A7B8D89E413A1A4 /* WhisperCppEngine.swift */ = {isa = PBXFileReference; lastKnownFileType = sourcecode.swift; path = WhisperCppEngine.swift; sourceTree = "<group>"; };
		D88A57EAAD5580BDF5F5385D /* CleanupPromptBuilder.swift */ = {isa = PBXFileReference; lastKnownFileType = sourcecode.swift; path = CleanupPromptBuilder.swift; sourceTree = "<group>"; };
		D88E025491E5B6099FD4E168 /* README.md */ = {isa = PBXFileReference; lastKnownFileType = net.daringfireball.markdown; path = README.md; sourceTree = "<group>"; };
		DABF58A0FC22E851B9564DEB /* CleanupPromptBuilderTests.swift */ = {isa = PBXFileReference; lastKnownFileType = sourcecode.swift; path = CleanupPromptBuilderTests.swift; sourceTree = "<group>"; };
		DEB402BE050E16C34E2652F4 /* AnalyticsTab.swift */ = {isa = PBXFileReference; lastKnownFileType = sourcecode.swift; path = AnalyticsTab.swift; sourceTree = "<group>"; };
		DECFD39102841DD432AAD2D8 /* StderrSuppressorTests.swift */ = {isa = PBXFileReference; lastKnownFileType = sourcecode.swift; path = StderrSuppressorTests.swift; sourceTree = "<group>"; };
		E7A355C4B4AD9FE347C78BA5 /* FluidAudioEngine.swift */ = {isa = PBXFileReference; lastKnownFileType = sourcecode.swift; path = FluidAudioEngine.swift; sourceTree = "<group>"; };
		E7ECB96F73F6E946484F7045 /* AppContextDetectorTests.swift */ = {isa = PBXFileReference; lastKnownFileType = sourcecode.swift; path = AppContextDetectorTests.swift; sourceTree = "<group>"; };
		E82DB0D81D155AD88D5A15CC /* TranscriptionExecutorTests.swift */ = {isa = PBXFileReference; lastKnownFileType = sourcecode.swift; path = TranscriptionExecutorTests.swift; sourceTree = "<group>"; };
		ED8C96BD5F49747FC3F870F2 /* ListCommand.swift */ = {isa = PBXFileReference; lastKnownFileType = sourcecode.swift; path = ListCommand.swift; sourceTree = "<group>"; };
		EE2A96BB651E7C76AB81E6CE /* HotkeyManager.swift */ = {isa = PBXFileReference; lastKnownFileType = sourcecode.swift; path = HotkeyManager.swift; sourceTree = "<group>"; };
		F05FDF15F0BA573912464360 /* StyleSettings.swift */ = {isa = PBXFileReference; lastKnownFileType = sourcecode.swift; path = StyleSettings.swift; sourceTree = "<group>"; };
		F1FA28B90EEED15270C0B4D7 /* FillerFilter.swift */ = {isa = PBXFileReference; lastKnownFileType = sourcecode.swift; path = FillerFilter.swift; sourceTree = "<group>"; };
		F4FDA0265221A8D869E1F636 /* ComparisonReporter.swift */ = {isa = PBXFileReference; lastKnownFileType = sourcecode.swift; path = ComparisonReporter.swift; sourceTree = "<group>"; };
		F87957A5A50A39CE75D44C8E /* AboutTab.swift */ = {isa = PBXFileReference; lastKnownFileType = sourcecode.swift; path = AboutTab.swift; sourceTree = "<group>"; };
		FCFCD4E0913DCE3278E33BDC /* SoundManager.swift */ = {isa = PBXFileReference; lastKnownFileType = sourcecode.swift; path = SoundManager.swift; sourceTree = "<group>"; };
/* End PBXFileReference section */

/* Begin PBXFrameworksBuildPhase section */
		119726A83F030DB0AA9B3679 /* Frameworks */ = {
			isa = PBXFrameworksBuildPhase;
			buildActionMask = 2147483647;
			files = (
				172A381E31618646FE6FB018 /* WhisperKit in Frameworks */,
				7D1D84D1E4A33C912FE1B96F /* FluidAudio in Frameworks */,
				3E254F69C0B4845AF666B04D /* MLX in Frameworks */,
				1F44FCCD02898741F7EBD98C /* MLXLLM in Frameworks */,
				8BA783E92781C7C48DA4F09C /* MLXLMCommon in Frameworks */,
				D2BE7BD48A16243985D9C6EA /* KeyboardShortcuts in Frameworks */,
				2C6DE8BAB0DECABD21A016D1 /* LaunchAtLogin in Frameworks */,
				78142CA5E1212EDB58F57EA6 /* Sparkle in Frameworks */,
				0AB7DE6991A358D360A2C51B /* SelectedTextKit in Frameworks */,
				F43AE96A65091738BF648931 /* Sentry in Frameworks */,
			);
			runOnlyForDeploymentPostprocessing = 0;
		};
		C88907B632E4C591DF4CA8D0 /* Frameworks */ = {
			isa = PBXFrameworksBuildPhase;
			buildActionMask = 2147483647;
			files = (
				2E0B8C608C6F58EB9295742C /* WhisperKit in Frameworks */,
				9B0D43D7105E9CE58E10FCFF /* FluidAudio in Frameworks */,
				977666C4780ED182B3611170 /* MLX in Frameworks */,
				DA6A376135A184FFE88E20FC /* MLXLLM in Frameworks */,
				4FEDD19918E0E9B805E493DC /* MLXLMCommon in Frameworks */,
				0814CEE64BD9521E7DD6AE2B /* ArgumentParser in Frameworks */,
			);
			runOnlyForDeploymentPostprocessing = 0;
		};
/* End PBXFrameworksBuildPhase section */

/* Begin PBXGroup section */
		0780881EAAF1FC629BB7D952 /* App */ = {
			isa = PBXGroup;
			children = (
				A0826E920AB4660FF1D9CC33 /* AppDelegate.swift */,
				786FED7869593245EC3340F3 /* AppState.swift */,
				4100E239E1B82A3CD6C65A89 /* YapYapApp.swift */,
			);
			path = App;
			sourceTree = "<group>";
		};
		0916E2DB1BA88B07E6C76441 /* Context */ = {
			isa = PBXGroup;
			children = (
				87B28CEC987D82699CC177D8 /* AppCategory.swift */,
				39C850799644CA7D3DFAFA69 /* AppContext.swift */,
				0DE4D05F5812414AE886D564 /* AppContextDetector.swift */,
				0B7480505B9D1DFE32F0B0B5 /* CommandMode.swift */,
				8BE43C5294542EBAC40690B9 /* OutputFormatter.swift */,
				3738D62B204C5EEAF00102DD /* OutputStyle.swift */,
				F05FDF15F0BA573912464360 /* StyleSettings.swift */,
			);
			path = Context;
			sourceTree = "<group>";
		};
		3D2C5179CF7EC45C21CF56D1 /* Sounds */ = {
			isa = PBXGroup;
			children = (
				D88E025491E5B6099FD4E168 /* README.md */,
			);
			path = Sounds;
			sourceTree = "<group>";
		};
		4216AA257EA81BE6D3CED4B6 /* Commands */ = {
			isa = PBXGroup;
			children = (
				2EF01629B801DC36CBBF042A /* BatchCommand.swift */,
				80A3D963F22D03A9AE9B19A1 /* CorpusCommand.swift */,
				ED8C96BD5F49747FC3F870F2 /* ListCommand.swift */,
				4A6FB29C1BAEA26D695F5FD3 /* RecordCommand.swift */,
				74F4EC82F252D3D16C5B2838 /* RunCommand.swift */,
				1A6E36BA27F3EBB83856BF29 /* STTCommand.swift */,
			);
			path = Commands;
			sourceTree = "<group>";
		};
		4E6FB5C5700640214E46E38F /* Resources */ = {
			isa = PBXGroup;
			children = (
				029FCA6062AD9B55C5D01401 /* Assets.xcassets */,
				7D3CA0202F52BB293D5D3977 /* Localizable.strings */,
				540FB8F336CF88447F434A96 /* PrivacyInfo.xcprivacy */,
				3D2C5179CF7EC45C21CF56D1 /* Sounds */,
			);
			path = Resources;
			sourceTree = "<group>";
		};
		57FEB94E4F246C50EEB2B740 /* Onboarding */ = {
			isa = PBXGroup;
			children = (
				698E5AA9BF6A80874D6AADA5 /* OnboardingView.swift */,
			);
			path = Onboarding;
			sourceTree = "<group>";
		};
		70404B7F0AB4C373EB6CC7A2 /* Pipeline */ = {
			isa = PBXGroup;
			children = (
				BEE88F8F1DDCA1CC164FC34B /* AudioCaptureManager.swift */,
				EE2A96BB651E7C76AB81E6CE /* HotkeyManager.swift */,
				4E3FDFB8D2A3A6137B7E9E33 /* PasteManager.swift */,
				7A7A874EC6C42502E871D4CA /* TranscriptionExecutor.swift */,
				5820E3AB4E46240FD73C41DB /* TranscriptionPipeline.swift */,
			);
			path = Pipeline;
			sourceTree = "<group>";
		};
		75CF5182515B863ADBC36B63 /* UI */ = {
			isa = PBXGroup;
			children = (
				74D34F58FEE12B895D619023 /* DesignTokens.swift */,
				CDB51103ED70B4B985A743BD /* GlassComponents.swift */,
				AE21C6F8B8A6D40DBEBEAA05 /* Creature */,
				D689D6DD109741B274D836F3 /* FloatingBar */,
				BFC5BF70731CEF448E4F6A3A /* MenuBar */,
				57FEB94E4F246C50EEB2B740 /* Onboarding */,
				E6B812C17CBD7CEFE655CE9B /* Settings */,
			);
			path = UI;
			sourceTree = "<group>";
		};
		8A3EE8E3C2D732EB314D9827 /* YapYapBench */ = {
			isa = PBXGroup;
			children = (
				C80B8954F71B298D6318D8B1 /* YapYapBench.swift */,
				4216AA257EA81BE6D3CED4B6 /* Commands */,
				EE3A7DDBB119E680DAA23814 /* Core */,
			);
			path = YapYapBench;
			sourceTree = "<group>";
		};
		AE21C6F8B8A6D40DBEBEAA05 /* Creature */ = {
			isa = PBXGroup;
			children = (
				3B1A0B1FB337F74CBDDD48ED /* CreatureState.swift */,
				7B874A8DB2D78437F3CAF3AE /* CreatureView.swift */,
			);
			path = Creature;
			sourceTree = "<group>";
		};
		BAD75681BDA88DEDAE41F502 /* Core */ = {
			isa = PBXGroup;
			children = (
				0916E2DB1BA88B07E6C76441 /* Context */,
				C693777D0E008433BF8C89C6 /* LLM */,
				FAA6232A02ABBACB822C8C98 /* Models */,
				70404B7F0AB4C373EB6CC7A2 /* Pipeline */,
				C5389869F2846F215F543744 /* STT */,
			);
			path = Core;
			sourceTree = "<group>";
		};
		BE1E6ABDD869E734BE49274B = {
			isa = PBXGroup;
			children = (
				C4A10FFB76A8E0B5FF620846 /* YapYap */,
				8A3EE8E3C2D732EB314D9827 /* YapYapBench */,
				ECCB6FD6FB19DF4A7C59D36B /* YapYapTests */,
				C94CC0F4D7026995D021654C /* Products */,
			);
			sourceTree = "<group>";
		};
		BFC5BF70731CEF448E4F6A3A /* MenuBar */ = {
			isa = PBXGroup;
			children = (
				9718F48C4D5A4065625E27F1 /* PopoverView.swift */,
				3DE8B7CD46DBBFC7727C02FE /* StatusBarController.swift */,
			);
			path = MenuBar;
			sourceTree = "<group>";
		};
		C4A10FFB76A8E0B5FF620846 /* YapYap */ = {
			isa = PBXGroup;
			children = (
				2AF496DD576082593F281091 /* Info.plist */,
				25A262D60BF6A46BB4021178 /* YapYap.entitlements */,
				0780881EAAF1FC629BB7D952 /* App */,
				BAD75681BDA88DEDAE41F502 /* Core */,
				E83E0BA679F6C87E27CE23A6 /* Data */,
				4E6FB5C5700640214E46E38F /* Resources */,
				75CF5182515B863ADBC36B63 /* UI */,
				D521C8889840D2FD195056E4 /* Utilities */,
			);
			path = YapYap;
			sourceTree = "<group>";
		};
		C5389869F2846F215F543744 /* STT */ = {
			isa = PBXGroup;
			children = (
				6CCAECC44EFFDFAC924CCAE1 /* AudioSegment.swift */,
				F1FA28B90EEED15270C0B4D7 /* FillerFilter.swift */,
				E7A355C4B4AD9FE347C78BA5 /* FluidAudioEngine.swift */,
				198BF592E0889D938A5CBBEF /* SpeechAnalyzerEngine.swift */,
				2EF96A6052FF52A3A7DA1B06 /* STTEngine.swift */,
				AA7B275E01079F8B546E428B /* STTEngineFactory.swift */,
				5F3628A58CAAF87EDDEAF889 /* STTModelRegistry.swift */,
				1BF404197047F870703C6CB0 /* VADConfig.swift */,
				68CF1D552788A3F62A8DB72A /* VADManager.swift */,
				67012EDAFFDEE4F4463DFFFD /* VocabularyBooster.swift */,
				D83B52713A7B8D89E413A1A4 /* WhisperCppEngine.swift */,
				17D51DC4EA4BAD23FC8725BF /* WhisperKitEngine.swift */,
			);
			path = STT;
			sourceTree = "<group>";
		};
		C693777D0E008433BF8C89C6 /* LLM */ = {
			isa = PBXGroup;
			children = (
				D88A57EAAD5580BDF5F5385D /* CleanupPromptBuilder.swift */,
				351AA57A2113A29E8DEBE453 /* LLMEngine.swift */,
				96CFCBB51A93B79F8A29930C /* LLMModelRegistry.swift */,
				A34E2164FBAB0EB03FB27EAA /* MLXEngine.swift */,
				33711F42A312F8D5CC1F2FFB /* PromptTemplates.swift */,
				936BD453DD8ED54AE7FB1BA3 /* UserPromptContext.swift */,
				306F76FCFC9C33DC28812775 /* UserPromptContextManager.swift */,
			);
			path = LLM;
			sourceTree = "<group>";
		};
		C94CC0F4D7026995D021654C /* Products */ = {
			isa = PBXGroup;
			children = (
				40969C556EF9D12522D6B6BB /* YapYap.app */,
				A66289C344F6E03269483F0B /* YapYapBench */,
				BCD8200F97B4645EF3594151 /* YapYapTests.xctest */,
			);
			name = Products;
			sourceTree = "<group>";
		};
		D521C8889840D2FD195056E4 /* Utilities */ = {
			isa = PBXGroup;
			children = (
				BDB0E608A461EE769B2BA6AF /* CorrectionDiffer.swift */,
				1D3381D8987278B215BED6B3 /* CrashReporter.swift */,
				00971EACC260CA978A6D6E09 /* HapticManager.swift */,
				024CCF9853D8925D86A49FFE /* MediaPlaybackController.swift */,
				2CF46A2BC6B8E1D81CCFC91B /* Permissions.swift */,
				545004FE2DCCA737DB9DC8BF /* PersonalDictionary.swift */,
				A8CB78B6993791FE05AB3842 /* SnippetManager.swift */,
				FCFCD4E0913DCE3278E33BDC /* SoundManager.swift */,
				9DECE5640C5E8F385E997222 /* StderrSuppressor.swift */,
				C6D469BE3EAC26808CE9249D /* YapYapError.swift */,
			);
			path = Utilities;
			sourceTree = "<group>";
		};
		D689D6DD109741B274D836F3 /* FloatingBar */ = {
			isa = PBXGroup;
			children = (
				4E68B5460F37DD9C29C03E88 /* FloatingBarPanel.swift */,
				D433A807289A1F815C85B1B2 /* FloatingBarPosition.swift */,
				D0115BA186A3931DE0191E1E /* FloatingBarView.swift */,
				300188F77A7E41A27E044A79 /* WaveformView.swift */,
			);
			path = FloatingBar;
			sourceTree = "<group>";
		};
		E6B812C17CBD7CEFE655CE9B /* Settings */ = {
			isa = PBXGroup;
			children = (
				F87957A5A50A39CE75D44C8E /* AboutTab.swift */,
				DEB402BE050E16C34E2652F4 /* AnalyticsTab.swift */,
				6B99E72BA7E5665842A0EBE3 /* DictionaryTab.swift */,
				1AABD496992B850C711A8C79 /* GeneralTab.swift */,
				D6F804F2CF43F7DE12023F26 /* HistoryTab.swift */,
				9B1DE38B622ADD1E7DD4B151 /* HotkeysTab.swift */,
				1BF81ADC34DE5A00B53D4251 /* ModelsTab.swift */,
				3598150C4E2EBE066759760A /* PromptTestTab.swift */,
				649278805EE28722F9F42B30 /* SettingsView.swift */,
				8F1937620FA84E9940A1C0FF /* SettingsWindowController.swift */,
				83272763718A929330D6D7B1 /* StyleTab.swift */,
				45964BF91DC2B34D1B82D702 /* WritingStyleTab.swift */,
			);
			path = Settings;
			sourceTree = "<group>";
		};
		E83E0BA679F6C87E27CE23A6 /* Data */ = {
			isa = PBXGroup;
			children = (
				155C4F42885C561CABABA06E /* AnalyticsTracker.swift */,
				02E3EE15439E73348CB02353 /* AppSettings.swift */,
				8F39ED42C26F2F0BA2DDC998 /* DailyStats.swift */,
				CE612E65BDE9C5175B687345 /* DataManager.swift */,
				031CB51A07A8B376C9CDCE1B /* PowerModeRule.swift */,
				A1F86669849B4CE93047AE04 /* Transcription.swift */,
			);
			path = Data;
			sourceTree = "<group>";
		};
		ECCB6FD6FB19DF4A7C59D36B /* YapYapTests */ = {
			isa = PBXGroup;
			children = (
				E7ECB96F73F6E946484F7045 /* AppContextDetectorTests.swift */,
				88662C0CA3054E3FB2DA55A2 /* AudioRecoveryTests.swift */,
				DABF58A0FC22E851B9564DEB /* CleanupPromptBuilderTests.swift */,
				A862FC16DBFAD6F1459ED907 /* CommandModeTests.swift */,
				1EA8273F7A483CE029766C82 /* CorrectionDifferTests.swift */,
				5D9D8DA8E155D84E87E29EC8 /* DataModelTests.swift */,
				99D142F798F943B4771FCFA3 /* DesignTokensTests.swift */,
				6663A7E6801BC7B3FB543648 /* FillerFilterTests.swift */,
				277BA9A86C8F446F56E37260 /* ModelRegistryTests.swift */,
				0BDB63741BD52EB130CDB55F /* OutputFormatterTests.swift */,
				28E1CE2834E80714F89672EB /* PersonalDictionaryTests.swift */,
				A297DB104B50AF87E6B7CEBA /* SnippetManagerTests.swift */,
				DECFD39102841DD432AAD2D8 /* StderrSuppressorTests.swift */,
				E82DB0D81D155AD88D5A15CC /* TranscriptionExecutorTests.swift */,
				CB68E105C803B17AC0FED012 /* TranscriptionPipelineTests.swift */,
				3A8299649DCA500CB264FD79 /* UserPromptContextTests.swift */,
				9DE1EF445E5E84BD82C48FB4 /* VADConfigTests.swift */,
				95818D9E5700BEFF8A063BBC /* YapYapErrorTests.swift */,
			);
			path = YapYapTests;
			sourceTree = "<group>";
		};
		EE3A7DDBB119E680DAA23814 /* Core */ = {
			isa = PBXGroup;
			children = (
				12F773176AF934344A7037C4 /* BenchmarkLLMRunner.swift */,
				5F2CF165863574EFA600AFDC /* BenchmarkResult.swift */,
				A2F463E210E5FBF08AA5BD81 /* BenchmarkRunner.swift */,
				F4FDA0265221A8D869E1F636 /* ComparisonReporter.swift */,
				2BE9B8E26FD30FFC5AEC4042 /* ContextFactory.swift */,
				927647CCC1693E75CCB2BF39 /* QualityScorer.swift */,
				9D0194B0CA610C8F38A3DD87 /* TableFormatter.swift */,
				C52D488DF14F35BFD8C36B3E /* TestCorpus.swift */,
				D43C78B3F55807E3C9B386C2 /* WAVLoader.swift */,
				717CA0503E596DF45364966C /* WAVRecorder.swift */,
			);
			path = Core;
			sourceTree = "<group>";
		};
		FAA6232A02ABBACB822C8C98 /* Models */ = {
			isa = PBXGroup;
			children = (
				1E8E32668F8CD1142E1AB979 /* ModelStorage.swift */,
			);
			path = Models;
			sourceTree = "<group>";
		};
/* End PBXGroup section */

/* Begin PBXNativeTarget section */
		1C5724157EFE78E16BA8C4E0 /* YapYap */ = {
			isa = PBXNativeTarget;
			buildConfigurationList = 011D248676F64D8286CF6D24 /* Build configuration list for PBXNativeTarget "YapYap" */;
			buildPhases = (
				CC59D49924B834BF95B245A2 /* Sources */,
				D1BA9541A40C48961C54D376 /* Resources */,
				119726A83F030DB0AA9B3679 /* Frameworks */,
			);
			buildRules = (
			);
			dependencies = (
			);
			name = YapYap;
			packageProductDependencies = (
				11E75ACDC95D928BEEF0983E /* WhisperKit */,
				8A4947F3102CFA850378A9BF /* FluidAudio */,
				5561D2893F1524D594D787EA /* MLX */,
				982040DF107CAA0229F91FCE /* MLXLLM */,
				C5FF9CCC6CD4DA1D7A236E07 /* MLXLMCommon */,
				3D357A29F14B60B6788E5F2D /* KeyboardShortcuts */,
				C82067E23667885AD8A83363 /* LaunchAtLogin */,
				E859453AF5538824FA6B6580 /* Sparkle */,
				44B2CDED140CE07E24BCA19A /* SelectedTextKit */,
				5DC3E43DA0454A8846C0AF5F /* Sentry */,
			);
			productName = YapYap;
			productReference = 40969C556EF9D12522D6B6BB /* YapYap.app */;
			productType = "com.apple.product-type.application";
		};
		B437016EE3782504800D0781 /* YapYapBench */ = {
			isa = PBXNativeTarget;
			buildConfigurationList = B31EF96063BBEA2CF0ECE251 /* Build configuration list for PBXNativeTarget "YapYapBench" */;
			buildPhases = (
				81F7897F837CCF4F6B1A4A70 /* Sources */,
				C88907B632E4C591DF4CA8D0 /* Frameworks */,
			);
			buildRules = (
			);
			dependencies = (
			);
			name = YapYapBench;
			packageProductDependencies = (
				ECC6F544C3F0111D738743CB /* WhisperKit */,
				06D102FE0F7703FDCBA42E05 /* FluidAudio */,
				9DB9DC57CF830A6D79DA1C2F /* MLX */,
				EBB60F04577F0CBE50CAC447 /* MLXLLM */,
				A858C0ACB7CCED2B884FBA2D /* MLXLMCommon */,
				41B4A9E1B69D7990735CECE6 /* ArgumentParser */,
			);
			productName = YapYapBench;
			productReference = A66289C344F6E03269483F0B /* YapYapBench */;
			productType = "com.apple.product-type.tool";
		};
		EC71E203280C463181FBDEE4 /* YapYapTests */ = {
			isa = PBXNativeTarget;
			buildConfigurationList = 8AF0240F7E0AF6DF5A479550 /* Build configuration list for PBXNativeTarget "YapYapTests" */;
			buildPhases = (
				317D8FC2F0A09B3963A861CF /* Sources */,
			);
			buildRules = (
			);
			dependencies = (
				C2CB43A353CC85CA2DDA55F8 /* PBXTargetDependency */,
			);
			name = YapYapTests;
			packageProductDependencies = (
			);
			productName = YapYapTests;
			productReference = BCD8200F97B4645EF3594151 /* YapYapTests.xctest */;
			productType = "com.apple.product-type.bundle.unit-test";
		};
/* End PBXNativeTarget section */

/* Begin PBXProject section */
		8D543FDC29E16E93C7BB6C75 /* Project object */ = {
			isa = PBXProject;
			attributes = {
				BuildIndependentTargetsInParallel = YES;
				LastUpgradeCheck = 1500;
				TargetAttributes = {
					1C5724157EFE78E16BA8C4E0 = {
						DevelopmentTeam = SRB6ZCP58T;
						ProvisioningStyle = Manual;
					};
					B437016EE3782504800D0781 = {
						DevelopmentTeam = SRB6ZCP58T;
						ProvisioningStyle = Manual;
					};
					EC71E203280C463181FBDEE4 = {
						DevelopmentTeam = SRB6ZCP58T;
						ProvisioningStyle = Manual;
					};
				};
			};
			buildConfigurationList = 5BC0183ABAB312286A49F766 /* Build configuration list for PBXProject "YapYap" */;
			compatibilityVersion = "Xcode 14.0";
			developmentRegion = en;
			hasScannedForEncodings = 0;
			knownRegions = (
				Base,
				en,
			);
			mainGroup = BE1E6ABDD869E734BE49274B;
			minimizedProjectReferenceProxies = 1;
			packageReferences = (
				6247E4383157127F0619AAFB /* XCRemoteSwiftPackageReference "FluidAudio" */,
				7C02BCB86A87E4EEDBC3D6B0 /* XCRemoteSwiftPackageReference "KeyboardShortcuts" */,
				5CC79DC0FA584EA210F6891D /* XCRemoteSwiftPackageReference "LaunchAtLogin-Modern" */,
				BABBD1E34E9695ABB5DF603A /* XCRemoteSwiftPackageReference "SelectedTextKit" */,
				4FC4DE0DEB6ADE439D8E685C /* XCRemoteSwiftPackageReference "sentry-cocoa" */,
				A410FFB4A538F7B6219C71E8 /* XCRemoteSwiftPackageReference "Sparkle" */,
				0EB279391BB643D0ADA64243 /* XCRemoteSwiftPackageReference "WhisperKit" */,
				E7CD5E99FC4F5886BD1300D1 /* XCRemoteSwiftPackageReference "mlx-swift" */,
				0BBDFF3C6570A939150DE17C /* XCRemoteSwiftPackageReference "mlx-swift-lm" */,
				B4E1C21B1C3564FEC59FB1C0 /* XCRemoteSwiftPackageReference "swift-argument-parser" */,
			);
			preferredProjectObjectVersion = 77;
			projectDirPath = "";
			projectRoot = "";
			targets = (
				1C5724157EFE78E16BA8C4E0 /* YapYap */,
				B437016EE3782504800D0781 /* YapYapBench */,
				EC71E203280C463181FBDEE4 /* YapYapTests */,
			);
		};
/* End PBXProject section */

/* Begin PBXResourcesBuildPhase section */
		D1BA9541A40C48961C54D376 /* Resources */ = {
			isa = PBXResourcesBuildPhase;
			buildActionMask = 2147483647;
			files = (
				D4C1C8E3AF78968DA5354792 /* Assets.xcassets in Resources */,
				3A62B5D65BFDFF186F8F5A9F /* Localizable.strings in Resources */,
				D9F0C578C16E6453A058752A /* PrivacyInfo.xcprivacy in Resources */,
				91489BFA97E2CE973C06782C /* README.md in Resources */,
			);
			runOnlyForDeploymentPostprocessing = 0;
		};
/* End PBXResourcesBuildPhase section */

/* Begin PBXSourcesBuildPhase section */
		317D8FC2F0A09B3963A861CF /* Sources */ = {
			isa = PBXSourcesBuildPhase;
			buildActionMask = 2147483647;
			files = (
				DB42C349AD45D2CCA867813B /* AppContextDetectorTests.swift in Sources */,
				4C6B64EAEBEB79F81FC8AF99 /* AudioRecoveryTests.swift in Sources */,
				3D02ADB3681D92C94F80B72C /* CleanupPromptBuilderTests.swift in Sources */,
				279C4AB419ED87C8206F3489 /* CommandModeTests.swift in Sources */,
				72A378FD53F0C17AC2F915E8 /* CorrectionDifferTests.swift in Sources */,
				7839695FA6D020C247813CD0 /* DataModelTests.swift in Sources */,
				F3F570FF506931E5D3AAC8FD /* DesignTokensTests.swift in Sources */,
				C074544B9F78204C570B4C52 /* FillerFilterTests.swift in Sources */,
				68933ED2DE3C6DF5DE26C703 /* ModelRegistryTests.swift in Sources */,
				15FBA67EA3FCA4B5C11C87F9 /* OutputFormatterTests.swift in Sources */,
				220C32B651A1A130A0D43B87 /* PersonalDictionaryTests.swift in Sources */,
				7625BEE799FB303ADA7236AB /* SnippetManagerTests.swift in Sources */,
				655DD56AEAB06DC0C790965B /* StderrSuppressorTests.swift in Sources */,
				0CDF6B75B480CC8C6AE6F2B9 /* TranscriptionExecutorTests.swift in Sources */,
				5679154CBF44469556F06F14 /* TranscriptionPipelineTests.swift in Sources */,
				3526FD38E674B0ED6ADF24F9 /* UserPromptContextTests.swift in Sources */,
				CDB9AFECAF65640AD09DDAE9 /* VADConfigTests.swift in Sources */,
				FCFD02B54D5FFCB40F877EAE /* YapYapErrorTests.swift in Sources */,
			);
			runOnlyForDeploymentPostprocessing = 0;
		};
		81F7897F837CCF4F6B1A4A70 /* Sources */ = {
			isa = PBXSourcesBuildPhase;
			buildActionMask = 2147483647;
			files = (
				A32886523693606D16F15CE9 /* AppCategory.swift in Sources */,
				1CFA584C0F6370720758050D /* AppContext.swift in Sources */,
				E989D4AE08E588BA45AA0BFD /* AppContextDetector.swift in Sources */,
				27C87702CC06D6D613227BD7 /* AudioSegment.swift in Sources */,
				C176FBC3DB9A600CDC59A6AC /* BatchCommand.swift in Sources */,
				2D5B25B76A49FDEBA0C95F9B /* BenchmarkLLMRunner.swift in Sources */,
				549A1ABFF0113746D3BD0AC1 /* BenchmarkResult.swift in Sources */,
				330DD3733D57F268765BB4B7 /* BenchmarkRunner.swift in Sources */,
				2CF3B1CA54412057A8423B26 /* CleanupPromptBuilder.swift in Sources */,
				852C03F7CDCA61FDD73CBF97 /* CommandMode.swift in Sources */,
				EFFF6865D4E37DF73E85789D /* ComparisonReporter.swift in Sources */,
				529D3E41119D6F59955F7C6A /* ContextFactory.swift in Sources */,
				D6EDD68DDC2F20A3206F45B6 /* CorpusCommand.swift in Sources */,
				439AC600F4DE18161CC945FF /* CorrectionDiffer.swift in Sources */,
				5C8E8FB874659E6136BACEBD /* FillerFilter.swift in Sources */,
				7F7E3C6CAF326F56857F225B /* FluidAudioEngine.swift in Sources */,
				A2DC5C29013A4BFDCFD8E786 /* LLMEngine.swift in Sources */,
				3F2D788AFE90525BC1FCE2F8 /* LLMModelRegistry.swift in Sources */,
				C5C5F420B41EB572BB747582 /* ListCommand.swift in Sources */,
				74881C8B9C53B7E5020BDB46 /* ModelStorage.swift in Sources */,
				94A987D63044E4FD2F42E247 /* OutputFormatter.swift in Sources */,
				621918642E8554EF03B081A0 /* OutputStyle.swift in Sources */,
				2A40C3E6A220185E5EF5D726 /* PersonalDictionary.swift in Sources */,
				A8C83FC6DB572107F0C9DE77 /* PromptTemplates.swift in Sources */,
				09412F4A1E9632F363F1F8CE /* QualityScorer.swift in Sources */,
				F1F1B1DA420CDE56405E4D99 /* RecordCommand.swift in Sources */,
				8299E3700A31CD081956511B /* RunCommand.swift in Sources */,
				6BB10444C4424F30255E7E95 /* STTCommand.swift in Sources */,
				64C71CDF0ECC62EA83541375 /* STTEngine.swift in Sources */,
				A9BD0A7094A517D3AFB75DB6 /* STTEngineFactory.swift in Sources */,
				AE498DB2A5AB25E2CABA8DA0 /* STTModelRegistry.swift in Sources */,
				4F1693330F4D83F8BF0278E2 /* SpeechAnalyzerEngine.swift in Sources */,
				3AFB383B7B70B0AF6D887428 /* StyleSettings.swift in Sources */,
				22679000577F180A694E3099 /* TableFormatter.swift in Sources */,
				D11A5E7793D7F9CF05D8452E /* TestCorpus.swift in Sources */,
				FE7B992B6BE28053326C2DA9 /* UserPromptContext.swift in Sources */,
				D4EDDCCCF2818F15FF528E55 /* UserPromptContextManager.swift in Sources */,
				5084E10F84F967D6A4396E61 /* VADConfig.swift in Sources */,
				4D5E54CFA996043CDF6915ED /* VADManager.swift in Sources */,
				60BBA7874F9BC53EEB86ACED /* VocabularyBooster.swift in Sources */,
				6C3845973CA8C03F02431842 /* WAVLoader.swift in Sources */,
				47C59B80D1FB0C28EA7E49BE /* WAVRecorder.swift in Sources */,
				94A2586C46349C41A4DB015F /* WhisperCppEngine.swift in Sources */,
				901046B88AF75F81179F408F /* WhisperKitEngine.swift in Sources */,
				776DAD053A2422DB984DF85E /* YapYapBench.swift in Sources */,
				AF21A1E4666DD905FD03ED9A /* YapYapError.swift in Sources */,
			);
			runOnlyForDeploymentPostprocessing = 0;
		};
		CC59D49924B834BF95B245A2 /* Sources */ = {
			isa = PBXSourcesBuildPhase;
			buildActionMask = 2147483647;
			files = (
				E7D015CE5F5E766BD92E2465 /* AboutTab.swift in Sources */,
				E0DE4D626E0270553D2B5311 /* AnalyticsTab.swift in Sources */,
				4264BCD90B48638E77F7AF4C /* AnalyticsTracker.swift in Sources */,
				62C0D93612C5FA9A6C700EFA /* AppCategory.swift in Sources */,
				54F0ECDE6AA3C90D339C462D /* AppContext.swift in Sources */,
				9358218A08ECE3E1E6823392 /* AppContextDetector.swift in Sources */,
				E9FE9E68C7CFABFB0C724F85 /* AppDelegate.swift in Sources */,
				D89E5C03254A27B0C3C92477 /* AppSettings.swift in Sources */,
				F1A274E587E08D6B1488BDBC /* AppState.swift in Sources */,
				032940D9005A123A268878B2 /* AudioCaptureManager.swift in Sources */,
				504469E64EE7C742EAA9387F /* AudioSegment.swift in Sources */,
				8E62711B01B71C06EF670AD2 /* CleanupPromptBuilder.swift in Sources */,
				159B35B764FD536B0094C832 /* CommandMode.swift in Sources */,
				FE1C97CBE4DC9490C3228308 /* CorrectionDiffer.swift in Sources */,
				8C7E66F123DE6EC4B34B2ED9 /* CrashReporter.swift in Sources */,
				12F4B3067E7BF9A4694CFFEB /* CreatureState.swift in Sources */,
				2328CA5E45153D7DEDAD8786 /* CreatureView.swift in Sources */,
				6B5BF43CB3D38EE044832F65 /* DailyStats.swift in Sources */,
				2706C1A9C392B7C6D090B93C /* DataManager.swift in Sources */,
				485BB955656717293743C7B5 /* DesignTokens.swift in Sources */,
				5AB34B549EA1E9DD2947EF4C /* DictionaryTab.swift in Sources */,
				D1335D4097647EF7D2959F6C /* FillerFilter.swift in Sources */,
				E50EEAAD8DE5C361158F9633 /* FloatingBarPanel.swift in Sources */,
				EB94479074DBF997887C23B4 /* FloatingBarPosition.swift in Sources */,
				62F2C32FEC55F67EF2E403B4 /* FloatingBarView.swift in Sources */,
				FC0966BBB724620CF1C0CBAF /* FluidAudioEngine.swift in Sources */,
				399C814034FD27B090F55D75 /* GeneralTab.swift in Sources */,
				956205D444B3AC1648D40C24 /* GlassComponents.swift in Sources */,
				6BF6C6FEE481ACDCBEF2A614 /* HapticManager.swift in Sources */,
				4C3A617EE1F3B140143A8DBC /* HistoryTab.swift in Sources */,
				058B0127DFB5B7CD4F174F59 /* HotkeyManager.swift in Sources */,
				F79886CCD281B7B1449DCE23 /* HotkeysTab.swift in Sources */,
				0875D077867FCD92E4091F40 /* LLMEngine.swift in Sources */,
				F474B154563904DDAAF329C0 /* LLMModelRegistry.swift in Sources */,
				0532930BE92642C3168F6CD3 /* MLXEngine.swift in Sources */,
				83478B122CDCBBAB3A7C29EF /* MediaPlaybackController.swift in Sources */,
				B73406F9C91FEF5042562AEF /* ModelStorage.swift in Sources */,
				77EDF541171CADEE63D9E444 /* ModelsTab.swift in Sources */,
				9097E6B1692B1A6375C81C25 /* OnboardingView.swift in Sources */,
				7E87CFF5CA62030B3ED24B45 /* OutputFormatter.swift in Sources */,
				6FE40462FA034883F37766C3 /* OutputStyle.swift in Sources */,
				3814EF1589B859331706A95A /* PasteManager.swift in Sources */,
				E59666685F661AC9C67E4520 /* Permissions.swift in Sources */,
				4BB6EFBB7CB6CACE76AD06D8 /* PersonalDictionary.swift in Sources */,
				FA7CFC4A56B516EFF4A69B58 /* PopoverView.swift in Sources */,
				A96A9B0B2C9B53FCD0D3D6B9 /* PowerModeRule.swift in Sources */,
				DCDAEE1069874F8DB90B6467 /* PromptTemplates.swift in Sources */,
				76656617951807826122E635 /* PromptTestTab.swift in Sources */,
				8E0122D5D31B47EE9C53EBF1 /* STTEngine.swift in Sources */,
				BB0B70D0136A849537ADB320 /* STTEngineFactory.swift in Sources */,
				9AC846929711FF5AF13FEB53 /* STTModelRegistry.swift in Sources */,
				97B71750C9ED916F7D19F611 /* SettingsView.swift in Sources */,
				D60ECFEF1A7FAD8D7B6689A5 /* SettingsWindowController.swift in Sources */,
				03DDEA1A2570D9C8D070EB6B /* SnippetManager.swift in Sources */,
				53CF7B7C29B206F1D81837FE /* SoundManager.swift in Sources */,
				2481A4D67C331446FB45DF34 /* SpeechAnalyzerEngine.swift in Sources */,
				2D3AA33BEA97EC200E54869B /* StatusBarController.swift in Sources */,
				D64AB066024E4432DBDE2303 /* StderrSuppressor.swift in Sources */,
				A1950FB7E7A101C1715C8370 /* StyleSettings.swift in Sources */,
				BD304DF5AA9AF3A368FD4DF9 /* StyleTab.swift in Sources */,
				E9A536D8549FB9F14B49BF64 /* Transcription.swift in Sources */,
				7E27A1F3D5340F6F6C6FA05D /* TranscriptionExecutor.swift in Sources */,
				0924001E352CCD8F1239A598 /* TranscriptionPipeline.swift in Sources */,
				A1634A562A0CF3138CDDFA4E /* UserPromptContext.swift in Sources */,
				27D28A69DB1214F98091203B /* UserPromptContextManager.swift in Sources */,
				AEC34FB22E6B78AC099AC883 /* VADConfig.swift in Sources */,
				2F4E008B48AB5323C3154BF3 /* VADManager.swift in Sources */,
				FD0A84D8D6DFADC03C6AA181 /* VocabularyBooster.swift in Sources */,
				5A45DC19E016148CCF6C5F60 /* WaveformView.swift in Sources */,
				5DE2EA4B1E8877889C68FB05 /* WhisperCppEngine.swift in Sources */,
				7EF18C8D66954622E757CFE1 /* WhisperKitEngine.swift in Sources */,
				C68294B1BFCC7CBF2CC020D2 /* WritingStyleTab.swift in Sources */,
				7F7048C27447F4E2053B388D /* YapYapApp.swift in Sources */,
				4C18702247DD374FEE2F7F51 /* YapYapError.swift in Sources */,
			);
			runOnlyForDeploymentPostprocessing = 0;
		};
/* End PBXSourcesBuildPhase section */

/* Begin PBXTargetDependency section */
		C2CB43A353CC85CA2DDA55F8 /* PBXTargetDependency */ = {
			isa = PBXTargetDependency;
			target = 1C5724157EFE78E16BA8C4E0 /* YapYap */;
			targetProxy = 4CB7C21498F93E076A15FF1F /* PBXContainerItemProxy */;
		};
/* End PBXTargetDependency section */

/* Begin XCBuildConfiguration section */
		4635EE1A86AF576BF44FD928 /* Debug */ = {
			isa = XCBuildConfiguration;
			buildSettings = {
				ASSETCATALOG_COMPILER_APPICON_NAME = AppIcon;
				CODE_SIGN_ENTITLEMENTS = YapYap/YapYap.entitlements;
				COMBINE_HIDPI_IMAGES = YES;
				ENABLE_HARDENED_RUNTIME = YES;
				INFOPLIST_FILE = YapYap/Info.plist;
				LD_RUNPATH_SEARCH_PATHS = "$(inherited) @executable_path/../Frameworks";
				PRODUCT_BUNDLE_IDENTIFIER = dev.yapyap.app;
				SDKROOT = macosx;
			};
			name = Debug;
		};
		6FC413B9953672D876120451 /* Release */ = {
			isa = XCBuildConfiguration;
			buildSettings = {
				COMBINE_HIDPI_IMAGES = YES;
				GENERATE_INFOPLIST_FILE = YES;
				LD_RUNPATH_SEARCH_PATHS = (
					"$(inherited)",
					"@executable_path/../Frameworks",
				);
				PRODUCT_BUNDLE_IDENTIFIER = dev.yapyap.bench;
				SDKROOT = macosx;
			};
			name = Release;
		};
		9B9C4352E21F5B2AC63F22B8 /* Debug */ = {
			isa = XCBuildConfiguration;
			buildSettings = {
				COMBINE_HIDPI_IMAGES = YES;
				GENERATE_INFOPLIST_FILE = YES;
				LD_RUNPATH_SEARCH_PATHS = (
					"$(inherited)",
					"@executable_path/../Frameworks",
				);
				PRODUCT_BUNDLE_IDENTIFIER = dev.yapyap.bench;
				SDKROOT = macosx;
			};
			name = Debug;
		};
		B2A7DC671C2D4904851F4AA5 /* Release */ = {
			isa = XCBuildConfiguration;
			buildSettings = {
				ALWAYS_SEARCH_USER_PATHS = NO;
				ARCHS = arm64;
				CLANG_ANALYZER_NONNULL = YES;
				CLANG_ANALYZER_NUMBER_OBJECT_CONVERSION = YES_AGGRESSIVE;
				CLANG_CXX_LANGUAGE_STANDARD = "gnu++14";
				CLANG_CXX_LIBRARY = "libc++";
				CLANG_ENABLE_MODULES = YES;
				CLANG_ENABLE_OBJC_ARC = YES;
				CLANG_ENABLE_OBJC_WEAK = YES;
				CLANG_WARN_BLOCK_CAPTURE_AUTORELEASING = YES;
				CLANG_WARN_BOOL_CONVERSION = YES;
				CLANG_WARN_COMMA = YES;
				CLANG_WARN_CONSTANT_CONVERSION = YES;
				CLANG_WARN_DEPRECATED_OBJC_IMPLEMENTATIONS = YES;
				CLANG_WARN_DIRECT_OBJC_ISA_USAGE = YES_ERROR;
				CLANG_WARN_DOCUMENTATION_COMMENTS = YES;
				CLANG_WARN_EMPTY_BODY = YES;
				CLANG_WARN_ENUM_CONVERSION = YES;
				CLANG_WARN_INFINITE_RECURSION = YES;
				CLANG_WARN_INT_CONVERSION = YES;
				CLANG_WARN_NON_LITERAL_NULL_CONVERSION = YES;
				CLANG_WARN_OBJC_IMPLICIT_RETAIN_SELF = YES;
				CLANG_WARN_OBJC_LITERAL_CONVERSION = YES;
				CLANG_WARN_OBJC_ROOT_CLASS = YES_ERROR;
				CLANG_WARN_QUOTED_INCLUDE_IN_FRAMEWORK_HEADER = YES;
				CLANG_WARN_RANGE_LOOP_ANALYSIS = YES;
				CLANG_WARN_STRICT_PROTOTYPES = YES;
				CLANG_WARN_SUSPICIOUS_MOVE = YES;
				CLANG_WARN_UNGUARDED_AVAILABILITY = YES_AGGRESSIVE;
				CLANG_WARN_UNREACHABLE_CODE = YES;
				CLANG_WARN__DUPLICATE_METHOD_MATCH = YES;
				CODE_SIGN_IDENTITY = "Developer ID Application";
				CODE_SIGN_STYLE = Manual;
				COPY_PHASE_STRIP = NO;
				DEBUG_INFORMATION_FORMAT = "dwarf-with-dsym";
				DEVELOPMENT_TEAM = SRB6ZCP58T;
				ENABLE_NS_ASSERTIONS = NO;
				ENABLE_STRICT_OBJC_MSGSEND = YES;
				EXCLUDED_ARCHS = x86_64;
				GCC_C_LANGUAGE_STANDARD = gnu11;
				GCC_NO_COMMON_BLOCKS = YES;
				GCC_WARN_64_TO_32_BIT_CONVERSION = YES;
				GCC_WARN_ABOUT_RETURN_TYPE = YES_ERROR;
				GCC_WARN_UNDECLARED_SELECTOR = YES;
				GCC_WARN_UNINITIALIZED_AUTOS = YES_AGGRESSIVE;
				GCC_WARN_UNUSED_FUNCTION = YES;
				GCC_WARN_UNUSED_VARIABLE = YES;
				MACOSX_DEPLOYMENT_TARGET = 14.0;
				MTL_ENABLE_DEBUG_INFO = NO;
				MTL_FAST_MATH = YES;
				PRODUCT_NAME = "$(TARGET_NAME)";
				SDKROOT = macosx;
				SWIFT_COMPILATION_MODE = wholemodule;
				SWIFT_OPTIMIZATION_LEVEL = "-O";
				SWIFT_VERSION = 5.9;
			};
			name = Release;
		};
		B6EF34BF11299C13860922A7 /* Debug */ = {
			isa = XCBuildConfiguration;
			buildSettings = {
				ALWAYS_SEARCH_USER_PATHS = NO;
				ARCHS = arm64;
				CLANG_ANALYZER_NONNULL = YES;
				CLANG_ANALYZER_NUMBER_OBJECT_CONVERSION = YES_AGGRESSIVE;
				CLANG_CXX_LANGUAGE_STANDARD = "gnu++14";
				CLANG_CXX_LIBRARY = "libc++";
				CLANG_ENABLE_MODULES = YES;
				CLANG_ENABLE_OBJC_ARC = YES;
				CLANG_ENABLE_OBJC_WEAK = YES;
				CLANG_WARN_BLOCK_CAPTURE_AUTORELEASING = YES;
				CLANG_WARN_BOOL_CONVERSION = YES;
				CLANG_WARN_COMMA = YES;
				CLANG_WARN_CONSTANT_CONVERSION = YES;
				CLANG_WARN_DEPRECATED_OBJC_IMPLEMENTATIONS = YES;
				CLANG_WARN_DIRECT_OBJC_ISA_USAGE = YES_ERROR;
				CLANG_WARN_DOCUMENTATION_COMMENTS = YES;
				CLANG_WARN_EMPTY_BODY = YES;
				CLANG_WARN_ENUM_CONVERSION = YES;
				CLANG_WARN_INFINITE_RECURSION = YES;
				CLANG_WARN_INT_CONVERSION = YES;
				CLANG_WARN_NON_LITERAL_NULL_CONVERSION = YES;
				CLANG_WARN_OBJC_IMPLICIT_RETAIN_SELF = YES;
				CLANG_WARN_OBJC_LITERAL_CONVERSION = YES;
				CLANG_WARN_OBJC_ROOT_CLASS = YES_ERROR;
				CLANG_WARN_QUOTED_INCLUDE_IN_FRAMEWORK_HEADER = YES;
				CLANG_WARN_RANGE_LOOP_ANALYSIS = YES;
				CLANG_WARN_STRICT_PROTOTYPES = YES;
				CLANG_WARN_SUSPICIOUS_MOVE = YES;
				CLANG_WARN_UNGUARDED_AVAILABILITY = YES_AGGRESSIVE;
				CLANG_WARN_UNREACHABLE_CODE = YES;
				CLANG_WARN__DUPLICATE_METHOD_MATCH = YES;
				CODE_SIGN_IDENTITY = "-";
				CODE_SIGN_STYLE = Manual;
				COPY_PHASE_STRIP = NO;
				DEBUG_INFORMATION_FORMAT = dwarf;
				DEVELOPMENT_TEAM = SRB6ZCP58T;
				ENABLE_STRICT_OBJC_MSGSEND = YES;
				ENABLE_TESTABILITY = YES;
				EXCLUDED_ARCHS = x86_64;
				GCC_C_LANGUAGE_STANDARD = gnu11;
				GCC_DYNAMIC_NO_PIC = NO;
				GCC_NO_COMMON_BLOCKS = YES;
				GCC_OPTIMIZATION_LEVEL = 0;
				GCC_PREPROCESSOR_DEFINITIONS = (
					"$(inherited)",
					"DEBUG=1",
				);
				GCC_WARN_64_TO_32_BIT_CONVERSION = YES;
				GCC_WARN_ABOUT_RETURN_TYPE = YES_ERROR;
				GCC_WARN_UNDECLARED_SELECTOR = YES;
				GCC_WARN_UNINITIALIZED_AUTOS = YES_AGGRESSIVE;
				GCC_WARN_UNUSED_FUNCTION = YES;
				GCC_WARN_UNUSED_VARIABLE = YES;
				MACOSX_DEPLOYMENT_TARGET = 14.0;
				MTL_ENABLE_DEBUG_INFO = INCLUDE_SOURCE;
				MTL_FAST_MATH = YES;
				ONLY_ACTIVE_ARCH = YES;
				PRODUCT_NAME = "$(TARGET_NAME)";
				SDKROOT = macosx;
				SWIFT_ACTIVE_COMPILATION_CONDITIONS = DEBUG;
				SWIFT_OPTIMIZATION_LEVEL = "-Onone";
				SWIFT_VERSION = 5.9;
			};
			name = Debug;
		};
		B736081404C9B3AEAEBE13E0 /* Debug */ = {
			isa = XCBuildConfiguration;
			buildSettings = {
				BUNDLE_LOADER = "$(TEST_HOST)";
				COMBINE_HIDPI_IMAGES = YES;
				GENERATE_INFOPLIST_FILE = YES;
				LD_RUNPATH_SEARCH_PATHS = (
					"$(inherited)",
					"@executable_path/../Frameworks",
					"@loader_path/../Frameworks",
				);
				PRODUCT_BUNDLE_IDENTIFIER = dev.yapyap.app.tests;
				SDKROOT = macosx;
				TEST_HOST = "$(BUILT_PRODUCTS_DIR)/YapYap.app/Contents/MacOS/YapYap";
			};
			name = Debug;
		};
		E0D0C8EEDDDB81D5A41F9455 /* Release */ = {
			isa = XCBuildConfiguration;
			buildSettings = {
				ASSETCATALOG_COMPILER_APPICON_NAME = AppIcon;
				CODE_SIGN_ENTITLEMENTS = YapYap/YapYap.entitlements;
				COMBINE_HIDPI_IMAGES = YES;
				ENABLE_HARDENED_RUNTIME = YES;
				INFOPLIST_FILE = YapYap/Info.plist;
				LD_RUNPATH_SEARCH_PATHS = "$(inherited) @executable_path/../Frameworks";
				OTHER_CODE_SIGN_FLAGS = "--timestamp";
				PRODUCT_BUNDLE_IDENTIFIER = dev.yapyap.app;
				SDKROOT = macosx;
			};
			name = Release;
		};
		F949155C5C2E29DAB88CAD4E /* Release */ = {
			isa = XCBuildConfiguration;
			buildSettings = {
				BUNDLE_LOADER = "$(TEST_HOST)";
				COMBINE_HIDPI_IMAGES = YES;
				GENERATE_INFOPLIST_FILE = YES;
				LD_RUNPATH_SEARCH_PATHS = (
					"$(inherited)",
					"@executable_path/../Frameworks",
					"@loader_path/../Frameworks",
				);
				PRODUCT_BUNDLE_IDENTIFIER = dev.yapyap.app.tests;
				SDKROOT = macosx;
				TEST_HOST = "$(BUILT_PRODUCTS_DIR)/YapYap.app/Contents/MacOS/YapYap";
			};
			name = Release;
		};
/* End XCBuildConfiguration section */

/* Begin XCConfigurationList section */
		011D248676F64D8286CF6D24 /* Build configuration list for PBXNativeTarget "YapYap" */ = {
			isa = XCConfigurationList;
			buildConfigurations = (
				4635EE1A86AF576BF44FD928 /* Debug */,
				E0D0C8EEDDDB81D5A41F9455 /* Release */,
			);
			defaultConfigurationIsVisible = 0;
			defaultConfigurationName = Debug;
		};
		5BC0183ABAB312286A49F766 /* Build configuration list for PBXProject "YapYap" */ = {
			isa = XCConfigurationList;
			buildConfigurations = (
				B6EF34BF11299C13860922A7 /* Debug */,
				B2A7DC671C2D4904851F4AA5 /* Release */,
			);
			defaultConfigurationIsVisible = 0;
			defaultConfigurationName = Debug;
		};
		8AF0240F7E0AF6DF5A479550 /* Build configuration list for PBXNativeTarget "YapYapTests" */ = {
			isa = XCConfigurationList;
			buildConfigurations = (
				B736081404C9B3AEAEBE13E0 /* Debug */,
				F949155C5C2E29DAB88CAD4E /* Release */,
			);
			defaultConfigurationIsVisible = 0;
			defaultConfigurationName = Debug;
		};
		B31EF96063BBEA2CF0ECE251 /* Build configuration list for PBXNativeTarget "YapYapBench" */ = {
			isa = XCConfigurationList;
			buildConfigurations = (
				9B9C4352E21F5B2AC63F22B8 /* Debug */,
				6FC413B9953672D876120451 /* Release */,
			);
			defaultConfigurationIsVisible = 0;
			defaultConfigurationName = Debug;
		};
/* End XCConfigurationList section */

/* Begin XCRemoteSwiftPackageReference section */
		0BBDFF3C6570A939150DE17C /* XCRemoteSwiftPackageReference "mlx-swift-lm" */ = {
			isa = XCRemoteSwiftPackageReference;
			repositoryURL = "https://github.com/ml-explore/mlx-swift-lm.git";
			requirement = {
				kind = upToNextMajorVersion;
				minimumVersion = 2.29.0;
			};
		};
		0EB279391BB643D0ADA64243 /* XCRemoteSwiftPackageReference "WhisperKit" */ = {
			isa = XCRemoteSwiftPackageReference;
			repositoryURL = "https://github.com/argmaxinc/WhisperKit.git";
			requirement = {
				kind = upToNextMajorVersion;
				minimumVersion = 0.9.0;
			};
		};
		4FC4DE0DEB6ADE439D8E685C /* XCRemoteSwiftPackageReference "sentry-cocoa" */ = {
			isa = XCRemoteSwiftPackageReference;
			repositoryURL = "https://github.com/getsentry/sentry-cocoa.git";
			requirement = {
				kind = upToNextMajorVersion;
				minimumVersion = 8.0.0;
			};
		};
		5CC79DC0FA584EA210F6891D /* XCRemoteSwiftPackageReference "LaunchAtLogin-Modern" */ = {
			isa = XCRemoteSwiftPackageReference;
			repositoryURL = "https://github.com/sindresorhus/LaunchAtLogin-Modern.git";
			requirement = {
				kind = upToNextMajorVersion;
				minimumVersion = 1.0.0;
			};
		};
		6247E4383157127F0619AAFB /* XCRemoteSwiftPackageReference "FluidAudio" */ = {
			isa = XCRemoteSwiftPackageReference;
			repositoryURL = "https://github.com/FluidInference/FluidAudio.git";
			requirement = {
				kind = upToNextMajorVersion;
				minimumVersion = 0.7.9;
			};
		};
		7C02BCB86A87E4EEDBC3D6B0 /* XCRemoteSwiftPackageReference "KeyboardShortcuts" */ = {
			isa = XCRemoteSwiftPackageReference;
			repositoryURL = "https://github.com/sindresorhus/KeyboardShortcuts.git";
			requirement = {
				kind = upToNextMajorVersion;
				minimumVersion = 2.0.0;
			};
		};
		A410FFB4A538F7B6219C71E8 /* XCRemoteSwiftPackageReference "Sparkle" */ = {
			isa = XCRemoteSwiftPackageReference;
			repositoryURL = "https://github.com/sparkle-project/Sparkle.git";
			requirement = {
				kind = upToNextMajorVersion;
				minimumVersion = 2.0.0;
			};
		};
		B4E1C21B1C3564FEC59FB1C0 /* XCRemoteSwiftPackageReference "swift-argument-parser" */ = {
			isa = XCRemoteSwiftPackageReference;
			repositoryURL = "https://github.com/apple/swift-argument-parser.git";
			requirement = {
				kind = upToNextMajorVersion;
				minimumVersion = 1.3.0;
			};
		};
		BABBD1E34E9695ABB5DF603A /* XCRemoteSwiftPackageReference "SelectedTextKit" */ = {
			isa = XCRemoteSwiftPackageReference;
			repositoryURL = "https://github.com/tisfeng/SelectedTextKit.git";
			requirement = {
				kind = upToNextMajorVersion;
				minimumVersion = 2.6.0;
			};
		};
		E7CD5E99FC4F5886BD1300D1 /* XCRemoteSwiftPackageReference "mlx-swift" */ = {
			isa = XCRemoteSwiftPackageReference;
			repositoryURL = "https://github.com/ml-explore/mlx-swift.git";
			requirement = {
				kind = upToNextMajorVersion;
				minimumVersion = 0.30.0;
			};
		};
/* End XCRemoteSwiftPackageReference section */

/* Begin XCSwiftPackageProductDependency section */
		06D102FE0F7703FDCBA42E05 /* FluidAudio */ = {
			isa = XCSwiftPackageProductDependency;
			package = 6247E4383157127F0619AAFB /* XCRemoteSwiftPackageReference "FluidAudio" */;
			productName = FluidAudio;
		};
		11E75ACDC95D928BEEF0983E /* WhisperKit */ = {
			isa = XCSwiftPackageProductDependency;
			package = 0EB279391BB643D0ADA64243 /* XCRemoteSwiftPackageReference "WhisperKit" */;
			productName = WhisperKit;
		};
		3D357A29F14B60B6788E5F2D /* KeyboardShortcuts */ = {
			isa = XCSwiftPackageProductDependency;
			package = 7C02BCB86A87E4EEDBC3D6B0 /* XCRemoteSwiftPackageReference "KeyboardShortcuts" */;
			productName = KeyboardShortcuts;
		};
		41B4A9E1B69D7990735CECE6 /* ArgumentParser */ = {
			isa = XCSwiftPackageProductDependency;
			package = B4E1C21B1C3564FEC59FB1C0 /* XCRemoteSwiftPackageReference "swift-argument-parser" */;
			productName = ArgumentParser;
		};
		44B2CDED140CE07E24BCA19A /* SelectedTextKit */ = {
			isa = XCSwiftPackageProductDependency;
			package = BABBD1E34E9695ABB5DF603A /* XCRemoteSwiftPackageReference "SelectedTextKit" */;
			productName = SelectedTextKit;
		};
		5561D2893F1524D594D787EA /* MLX */ = {
			isa = XCSwiftPackageProductDependency;
			package = E7CD5E99FC4F5886BD1300D1 /* XCRemoteSwiftPackageReference "mlx-swift" */;
			productName = MLX;
		};
		5DC3E43DA0454A8846C0AF5F /* Sentry */ = {
			isa = XCSwiftPackageProductDependency;
			package = 4FC4DE0DEB6ADE439D8E685C /* XCRemoteSwiftPackageReference "sentry-cocoa" */;
			productName = Sentry;
		};
		8A4947F3102CFA850378A9BF /* FluidAudio */ = {
			isa = XCSwiftPackageProductDependency;
			package = 6247E4383157127F0619AAFB /* XCRemoteSwiftPackageReference "FluidAudio" */;
			productName = FluidAudio;
		};
		982040DF107CAA0229F91FCE /* MLXLLM */ = {
			isa = XCSwiftPackageProductDependency;
			package = 0BBDFF3C6570A939150DE17C /* XCRemoteSwiftPackageReference "mlx-swift-lm" */;
			productName = MLXLLM;
		};
		9DB9DC57CF830A6D79DA1C2F /* MLX */ = {
			isa = XCSwiftPackageProductDependency;
			package = E7CD5E99FC4F5886BD1300D1 /* XCRemoteSwiftPackageReference "mlx-swift" */;
			productName = MLX;
		};
		A858C0ACB7CCED2B884FBA2D /* MLXLMCommon */ = {
			isa = XCSwiftPackageProductDependency;
			package = 0BBDFF3C6570A939150DE17C /* XCRemoteSwiftPackageReference "mlx-swift-lm" */;
			productName = MLXLMCommon;
		};
		C5FF9CCC6CD4DA1D7A236E07 /* MLXLMCommon */ = {
			isa = XCSwiftPackageProductDependency;
			package = 0BBDFF3C6570A939150DE17C /* XCRemoteSwiftPackageReference "mlx-swift-lm" */;
			productName = MLXLMCommon;
		};
		C82067E23667885AD8A83363 /* LaunchAtLogin */ = {
			isa = XCSwiftPackageProductDependency;
			package = 5CC79DC0FA584EA210F6891D /* XCRemoteSwiftPackageReference "LaunchAtLogin-Modern" */;
			productName = LaunchAtLogin;
		};
		E859453AF5538824FA6B6580 /* Sparkle */ = {
			isa = XCSwiftPackageProductDependency;
			package = A410FFB4A538F7B6219C71E8 /* XCRemoteSwiftPackageReference "Sparkle" */;
			productName = Sparkle;
		};
		EBB60F04577F0CBE50CAC447 /* MLXLLM */ = {
			isa = XCSwiftPackageProductDependency;
			package = 0BBDFF3C6570A939150DE17C /* XCRemoteSwiftPackageReference "mlx-swift-lm" */;
			productName = MLXLLM;
		};
		ECC6F544C3F0111D738743CB /* WhisperKit */ = {
			isa = XCSwiftPackageProductDependency;
			package = 0EB279391BB643D0ADA64243 /* XCRemoteSwiftPackageReference "WhisperKit" */;
			productName = WhisperKit;
		};
/* End XCSwiftPackageProductDependency section */
	};
	rootObject = 8D543FDC29E16E93C7BB6C75 /* Project object */;
}
